
Microsoft Visual Studio Solution File, Format Version 12.00
# Visual Studio 2013
VisualStudioVersion = 12.0.30501.0
MinimumVisualStudioVersion = 10.0.40219.1
Project("{8BC9CEB8-8B4A-11D0-8D11-00A0C91BC942}") = "reverse-words-in-a-string", "reverse-words-in-a-string\reverse-words-in-a-string.vcxproj", "{4C233325-D420-4DE3-BA1D-69EFBECCD775}"
EndProject
Project("{8BC9CEB8-8B4A-11D0-8D11-00A0C91BC942}") = "evaluate-reverse-polish-notation", "evaluate-reverse-polish-notation\evaluate-reverse-polish-notation.vcxproj", "{B979E674-E824-4575-8F8B-89EF8D76A93D}"
EndProject
Project("{8BC9CEB8-8B4A-11D0-8D11-00A0C91BC942}") = "max-points-on-a-line", "max-points-on-a-line\max-points-on-a-line.vcxproj", "{DB6D69B9-4032-4065-8A54-7239EBED58F3}"
EndProject
Project("{8BC9CEB8-8B4A-11D0-8D11-00A0C91BC942}") = "sort-list", "sort-list\sort-list.vcxproj", "{6424A1FC-C090-47EF-A0FD-F2353C0713E9}"
EndProject
Project("{8BC9CEB8-8B4A-11D0-8D11-00A0C91BC942}") = "insertion-sort-list", "insertion-sort-list\insertion-sort-list.vcxproj", "{8CF8DA35-CB58-4431-BC10-91A43B65681F}"
EndProject
Project("{8BC9CEB8-8B4A-11D0-8D11-00A0C91BC942}") = "lru-cache", "lru-cache\lru-cache.vcxproj", "{4F44F766-8798-4C90-85F6-A81E317A388E}"
EndProject
Project("{8BC9CEB8-8B4A-11D0-8D11-00A0C91BC942}") = "binary-tree-postorder-traversal", "binary-tree-postorder-traversal\binary-tree-postorder-traversal.vcxproj", "{EA479347-B473-40B6-AE36-46D5F384A507}"
EndProject
Project("{8BC9CEB8-8B4A-11D0-8D11-00A0C91BC942}") = "binary-tree-preorder-traversal", "binary-tree-preorder-traversal\binary-tree-preorder-traversal.vcxproj", "{1DC91918-0432-43E1-83C9-3E29E8E61A99}"
EndProject
Project("{8BC9CEB8-8B4A-11D0-8D11-00A0C91BC942}") = "reorder-list", "reorder-list\reorder-list.vcxproj", "{EFFCB85B-004B-451B-AEB0-2B1C6157C652}"
EndProject
Project("{8BC9CEB8-8B4A-11D0-8D11-00A0C91BC942}") = "linked-list-cycle", "linked-list-cycle\linked-list-cycle.vcxproj", "{8EB967B4-2A30-4A4A-AA78-2E2A91533001}"
EndProject
Project("{8BC9CEB8-8B4A-11D0-8D11-00A0C91BC942}") = "linked-list-cycle-ii", "linked-list-cycle-ii\linked-list-cycle-ii.vcxproj", "{85CDEE8C-FEEC-4253-9E68-593B04CAA96E}"
EndProject
Project("{8BC9CEB8-8B4A-11D0-8D11-00A0C91BC942}") = "word-break", "word-break\word-break.vcxproj", "{DD794EA8-FE5F-4865-AF50-185E316FEA7D}"
EndProject
Project("{8BC9CEB8-8B4A-11D0-8D11-00A0C91BC942}") = "word-break-ii", "word-break-ii\word-break-ii.vcxproj", "{0095FF8D-BE72-441F-BBDD-C38ED3AB0608}"
EndProject
Project("{8BC9CEB8-8B4A-11D0-8D11-00A0C91BC942}") = "copy-list-with-random-pointer", "copy-list-with-random-pointer\copy-list-with-random-pointer.vcxproj", "{08971212-57CA-442C-B952-81A81A30B641}"
EndProject
Project("{8BC9CEB8-8B4A-11D0-8D11-00A0C91BC942}") = "single-number", "single-number\single-number.vcxproj", "{2140F644-C2A6-446B-B5C5-31368CDDB8F2}"
EndProject
Project("{8BC9CEB8-8B4A-11D0-8D11-00A0C91BC942}") = "single-number-ii", "single-number-ii\single-number-ii.vcxproj", "{09989604-435F-45BE-8B95-BDB9E10445E5}"
EndProject
Project("{8BC9CEB8-8B4A-11D0-8D11-00A0C91BC942}") = "candy", "candy\candy.vcxproj", "{779F1464-12A5-428A-9DDA-79B51EB93503}"
EndProject
Project("{8BC9CEB8-8B4A-11D0-8D11-00A0C91BC942}") = "gas-station", "gas-station\gas-station.vcxproj", "{7C14A385-5D13-442E-BDE2-1157B9448F3E}"
EndProject
Project("{8BC9CEB8-8B4A-11D0-8D11-00A0C91BC942}") = "clone-graph", "clone-graph\clone-graph.vcxproj", "{CB72D732-0085-45D1-B266-F7EF9AE8C8F5}"
EndProject
Project("{8BC9CEB8-8B4A-11D0-8D11-00A0C91BC942}") = "palindrome-partitioning-ii", "palindrome-partitioning-ii\palindrome-partitioning-ii.vcxproj", "{BD0E62AE-A4CA-4C38-A8F5-F94F29A03AAB}"
EndProject
Project("{8BC9CEB8-8B4A-11D0-8D11-00A0C91BC942}") = "palindrome-partitioning", "palindrome-partitioning\palindrome-partitioning.vcxproj", "{6F7AC9F1-225C-432C-AE20-74B7F9FC7F4D}"
EndProject
Project("{8BC9CEB8-8B4A-11D0-8D11-00A0C91BC942}") = "surrounded-regions", "surrounded-regions\surrounded-regions.vcxproj", "{9E467A79-91F8-4271-8E32-632F781CDE47}"
EndProject
Project("{8BC9CEB8-8B4A-11D0-8D11-00A0C91BC942}") = "sum-root-to-leaf-numbers", "sum-root-to-leaf-numbers\sum-root-to-leaf-numbers.vcxproj", "{1481F686-2EEA-465B-B9CF-601F66F54D3B}"
EndProject
Project("{8BC9CEB8-8B4A-11D0-8D11-00A0C91BC942}") = "longest-consecutive-sequence", "longest-consecutive-sequence\longest-consecutive-sequence.vcxproj", "{F1A64087-A280-4EF9-AB2B-A62D6924E597}"
EndProject
Project("{8BC9CEB8-8B4A-11D0-8D11-00A0C91BC942}") = "word-ladder", "word-ladder\word-ladder.vcxproj", "{552333F0-0507-477D-9439-0FE81C45E2EB}"
EndProject
Project("{8BC9CEB8-8B4A-11D0-8D11-00A0C91BC942}") = "word-ladder-ii", "word-ladder-ii\word-ladder-ii.vcxproj", "{70AE2716-4CA3-44E0-B86F-FDC38A46DB10}"
EndProject
Project("{8BC9CEB8-8B4A-11D0-8D11-00A0C91BC942}") = "valid-palindrome", "valid-palindrome\valid-palindrome.vcxproj", "{5C16FA76-D2FE-4656-89E8-31C61904C04D}"
EndProject
Project("{8BC9CEB8-8B4A-11D0-8D11-00A0C91BC942}") = "binary-tree-maximum-path-sum", "binary-tree-maximum-path-sum\binary-tree-maximum-path-sum.vcxproj", "{1AD4B521-4F25-4476-A8A0-FBD4C94850DF}"
EndProject
Global
	GlobalSection(SolutionConfigurationPlatforms) = preSolution
		Debug|Win32 = Debug|Win32
		Release|Win32 = Release|Win32
	EndGlobalSection
	GlobalSection(ProjectConfigurationPlatforms) = postSolution
		{4C233325-D420-4DE3-BA1D-69EFBECCD775}.Debug|Win32.ActiveCfg = Debug|Win32
		{4C233325-D420-4DE3-BA1D-69EFBECCD775}.Debug|Win32.Build.0 = Debug|Win32
		{4C233325-D420-4DE3-BA1D-69EFBECCD775}.Release|Win32.ActiveCfg = Release|Win32
		{4C233325-D420-4DE3-BA1D-69EFBECCD775}.Release|Win32.Build.0 = Release|Win32
		{B979E674-E824-4575-8F8B-89EF8D76A93D}.Debug|Win32.ActiveCfg = Debug|Win32
		{B979E674-E824-4575-8F8B-89EF8D76A93D}.Debug|Win32.Build.0 = Debug|Win32
		{B979E674-E824-4575-8F8B-89EF8D76A93D}.Release|Win32.ActiveCfg = Release|Win32
		{B979E674-E824-4575-8F8B-89EF8D76A93D}.Release|Win32.Build.0 = Release|Win32
		{DB6D69B9-4032-4065-8A54-7239EBED58F3}.Debug|Win32.ActiveCfg = Debug|Win32
		{DB6D69B9-4032-4065-8A54-7239EBED58F3}.Debug|Win32.Build.0 = Debug|Win32
		{DB6D69B9-4032-4065-8A54-7239EBED58F3}.Release|Win32.ActiveCfg = Release|Win32
		{DB6D69B9-4032-4065-8A54-7239EBED58F3}.Release|Win32.Build.0 = Release|Win32
		{6424A1FC-C090-47EF-A0FD-F2353C0713E9}.Debug|Win32.ActiveCfg = Debug|Win32
		{6424A1FC-C090-47EF-A0FD-F2353C0713E9}.Debug|Win32.Build.0 = Debug|Win32
		{6424A1FC-C090-47EF-A0FD-F2353C0713E9}.Release|Win32.ActiveCfg = Release|Win32
		{6424A1FC-C090-47EF-A0FD-F2353C0713E9}.Release|Win32.Build.0 = Release|Win32
		{8CF8DA35-CB58-4431-BC10-91A43B65681F}.Debug|Win32.ActiveCfg = Debug|Win32
		{8CF8DA35-CB58-4431-BC10-91A43B65681F}.Debug|Win32.Build.0 = Debug|Win32
		{8CF8DA35-CB58-4431-BC10-91A43B65681F}.Release|Win32.ActiveCfg = Release|Win32
		{8CF8DA35-CB58-4431-BC10-91A43B65681F}.Release|Win32.Build.0 = Release|Win32
		{4F44F766-8798-4C90-85F6-A81E317A388E}.Debug|Win32.ActiveCfg = Debug|Win32
		{4F44F766-8798-4C90-85F6-A81E317A388E}.Debug|Win32.Build.0 = Debug|Win32
		{4F44F766-8798-4C90-85F6-A81E317A388E}.Release|Win32.ActiveCfg = Release|Win32
		{4F44F766-8798-4C90-85F6-A81E317A388E}.Release|Win32.Build.0 = Release|Win32
		{EA479347-B473-40B6-AE36-46D5F384A507}.Debug|Win32.ActiveCfg = Debug|Win32
		{EA479347-B473-40B6-AE36-46D5F384A507}.Debug|Win32.Build.0 = Debug|Win32
		{EA479347-B473-40B6-AE36-46D5F384A507}.Release|Win32.ActiveCfg = Release|Win32
		{EA479347-B473-40B6-AE36-46D5F384A507}.Release|Win32.Build.0 = Release|Win32
		{1DC91918-0432-43E1-83C9-3E29E8E61A99}.Debug|Win32.ActiveCfg = Debug|Win32
		{1DC91918-0432-43E1-83C9-3E29E8E61A99}.Debug|Win32.Build.0 = Debug|Win32
		{1DC91918-0432-43E1-83C9-3E29E8E61A99}.Release|Win32.ActiveCfg = Release|Win32
		{1DC91918-0432-43E1-83C9-3E29E8E61A99}.Release|Win32.Build.0 = Release|Win32
		{EFFCB85B-004B-451B-AEB0-2B1C6157C652}.Debug|Win32.ActiveCfg = Debug|Win32
		{EFFCB85B-004B-451B-AEB0-2B1C6157C652}.Debug|Win32.Build.0 = Debug|Win32
		{EFFCB85B-004B-451B-AEB0-2B1C6157C652}.Release|Win32.ActiveCfg = Release|Win32
		{EFFCB85B-004B-451B-AEB0-2B1C6157C652}.Release|Win32.Build.0 = Release|Win32
		{8EB967B4-2A30-4A4A-AA78-2E2A91533001}.Debug|Win32.ActiveCfg = Debug|Win32
		{8EB967B4-2A30-4A4A-AA78-2E2A91533001}.Debug|Win32.Build.0 = Debug|Win32
		{8EB967B4-2A30-4A4A-AA78-2E2A91533001}.Release|Win32.ActiveCfg = Release|Win32
		{8EB967B4-2A30-4A4A-AA78-2E2A91533001}.Release|Win32.Build.0 = Release|Win32
		{85CDEE8C-FEEC-4253-9E68-593B04CAA96E}.Debug|Win32.ActiveCfg = Debug|Win32
		{85CDEE8C-FEEC-4253-9E68-593B04CAA96E}.Debug|Win32.Build.0 = Debug|Win32
		{85CDEE8C-FEEC-4253-9E68-593B04CAA96E}.Release|Win32.ActiveCfg = Release|Win32
		{85CDEE8C-FEEC-4253-9E68-593B04CAA96E}.Release|Win32.Build.0 = Release|Win32
		{DD794EA8-FE5F-4865-AF50-185E316FEA7D}.Debug|Win32.ActiveCfg = Debug|Win32
		{DD794EA8-FE5F-4865-AF50-185E316FEA7D}.Debug|Win32.Build.0 = Debug|Win32
		{DD794EA8-FE5F-4865-AF50-185E316FEA7D}.Release|Win32.ActiveCfg = Release|Win32
		{DD794EA8-FE5F-4865-AF50-185E316FEA7D}.Release|Win32.Build.0 = Release|Win32
		{0095FF8D-BE72-441F-BBDD-C38ED3AB0608}.Debug|Win32.ActiveCfg = Debug|Win32
		{0095FF8D-BE72-441F-BBDD-C38ED3AB0608}.Debug|Win32.Build.0 = Debug|Win32
		{0095FF8D-BE72-441F-BBDD-C38ED3AB0608}.Release|Win32.ActiveCfg = Release|Win32
		{0095FF8D-BE72-441F-BBDD-C38ED3AB0608}.Release|Win32.Build.0 = Release|Win32
		{08971212-57CA-442C-B952-81A81A30B641}.Debug|Win32.ActiveCfg = Debug|Win32
		{08971212-57CA-442C-B952-81A81A30B641}.Debug|Win32.Build.0 = Debug|Win32
		{08971212-57CA-442C-B952-81A81A30B641}.Release|Win32.ActiveCfg = Release|Win32
		{08971212-57CA-442C-B952-81A81A30B641}.Release|Win32.Build.0 = Release|Win32
		{2140F644-C2A6-446B-B5C5-31368CDDB8F2}.Debug|Win32.ActiveCfg = Debug|Win32
		{2140F644-C2A6-446B-B5C5-31368CDDB8F2}.Debug|Win32.Build.0 = Debug|Win32
		{2140F644-C2A6-446B-B5C5-31368CDDB8F2}.Release|Win32.ActiveCfg = Release|Win32
		{2140F644-C2A6-446B-B5C5-31368CDDB8F2}.Release|Win32.Build.0 = Release|Win32
		{09989604-435F-45BE-8B95-BDB9E10445E5}.Debug|Win32.ActiveCfg = Debug|Win32
		{09989604-435F-45BE-8B95-BDB9E10445E5}.Debug|Win32.Build.0 = Debug|Win32
		{09989604-435F-45BE-8B95-BDB9E10445E5}.Release|Win32.ActiveCfg = Release|Win32
		{09989604-435F-45BE-8B95-BDB9E10445E5}.Release|Win32.Build.0 = Release|Win32
		{779F1464-12A5-428A-9DDA-79B51EB93503}.Debug|Win32.ActiveCfg = Debug|Win32
		{779F1464-12A5-428A-9DDA-79B51EB93503}.Debug|Win32.Build.0 = Debug|Win32
		{779F1464-12A5-428A-9DDA-79B51EB93503}.Release|Win32.ActiveCfg = Release|Win32
		{779F1464-12A5-428A-9DDA-79B51EB93503}.Release|Win32.Build.0 = Release|Win32
		{7C14A385-5D13-442E-BDE2-1157B9448F3E}.Debug|Win32.ActiveCfg = Debug|Win32
		{7C14A385-5D13-442E-BDE2-1157B9448F3E}.Debug|Win32.Build.0 = Debug|Win32
		{7C14A385-5D13-442E-BDE2-1157B9448F3E}.Release|Win32.ActiveCfg = Release|Win32
		{7C14A385-5D13-442E-BDE2-1157B9448F3E}.Release|Win32.Build.0 = Release|Win32
		{CB72D732-0085-45D1-B266-F7EF9AE8C8F5}.Debug|Win32.ActiveCfg = Debug|Win32
		{CB72D732-0085-45D1-B266-F7EF9AE8C8F5}.Debug|Win32.Build.0 = Debug|Win32
		{CB72D732-0085-45D1-B266-F7EF9AE8C8F5}.Release|Win32.ActiveCfg = Release|Win32
		{CB72D732-0085-45D1-B266-F7EF9AE8C8F5}.Release|Win32.Build.0 = Release|Win32
		{BD0E62AE-A4CA-4C38-A8F5-F94F29A03AAB}.Debug|Win32.ActiveCfg = Debug|Win32
		{BD0E62AE-A4CA-4C38-A8F5-F94F29A03AAB}.Debug|Win32.Build.0 = Debug|Win32
		{BD0E62AE-A4CA-4C38-A8F5-F94F29A03AAB}.Release|Win32.ActiveCfg = Release|Win32
		{BD0E62AE-A4CA-4C38-A8F5-F94F29A03AAB}.Release|Win32.Build.0 = Release|Win32
		{6F7AC9F1-225C-432C-AE20-74B7F9FC7F4D}.Debug|Win32.ActiveCfg = Debug|Win32
		{6F7AC9F1-225C-432C-AE20-74B7F9FC7F4D}.Debug|Win32.Build.0 = Debug|Win32
		{6F7AC9F1-225C-432C-AE20-74B7F9FC7F4D}.Release|Win32.ActiveCfg = Release|Win32
		{6F7AC9F1-225C-432C-AE20-74B7F9FC7F4D}.Release|Win32.Build.0 = Release|Win32
		{9E467A79-91F8-4271-8E32-632F781CDE47}.Debug|Win32.ActiveCfg = Debug|Win32
		{9E467A79-91F8-4271-8E32-632F781CDE47}.Debug|Win32.Build.0 = Debug|Win32
		{9E467A79-91F8-4271-8E32-632F781CDE47}.Release|Win32.ActiveCfg = Release|Win32
		{9E467A79-91F8-4271-8E32-632F781CDE47}.Release|Win32.Build.0 = Release|Win32
		{1481F686-2EEA-465B-B9CF-601F66F54D3B}.Debug|Win32.ActiveCfg = Debug|Win32
		{1481F686-2EEA-465B-B9CF-601F66F54D3B}.Debug|Win32.Build.0 = Debug|Win32
		{1481F686-2EEA-465B-B9CF-601F66F54D3B}.Release|Win32.ActiveCfg = Release|Win32
		{1481F686-2EEA-465B-B9CF-601F66F54D3B}.Release|Win32.Build.0 = Release|Win32
		{F1A64087-A280-4EF9-AB2B-A62D6924E597}.Debug|Win32.ActiveCfg = Debug|Win32
		{F1A64087-A280-4EF9-AB2B-A62D6924E597}.Debug|Win32.Build.0 = Debug|Win32
		{F1A64087-A280-4EF9-AB2B-A62D6924E597}.Release|Win32.ActiveCfg = Release|Win32
		{F1A64087-A280-4EF9-AB2B-A62D6924E597}.Release|Win32.Build.0 = Release|Win32
		{552333F0-0507-477D-9439-0FE81C45E2EB}.Debug|Win32.ActiveCfg = Debug|Win32
		{552333F0-0507-477D-9439-0FE81C45E2EB}.Debug|Win32.Build.0 = Debug|Win32
		{552333F0-0507-477D-9439-0FE81C45E2EB}.Release|Win32.ActiveCfg = Release|Win32
		{552333F0-0507-477D-9439-0FE81C45E2EB}.Release|Win32.Build.0 = Release|Win32
		{70AE2716-4CA3-44E0-B86F-FDC38A46DB10}.Debug|Win32.ActiveCfg = Debug|Win32
		{70AE2716-4CA3-44E0-B86F-FDC38A46DB10}.Debug|Win32.Build.0 = Debug|Win32
		{70AE2716-4CA3-44E0-B86F-FDC38A46DB10}.Release|Win32.ActiveCfg = Release|Win32
		{70AE2716-4CA3-44E0-B86F-FDC38A46DB10}.Release|Win32.Build.0 = Release|Win32
		{5C16FA76-D2FE-4656-89E8-31C61904C04D}.Debug|Win32.ActiveCfg = Debug|Win32
		{5C16FA76-D2FE-4656-89E8-31C61904C04D}.Debug|Win32.Build.0 = Debug|Win32
		{5C16FA76-D2FE-4656-89E8-31C61904C04D}.Release|Win32.ActiveCfg = Release|Win32
		{5C16FA76-D2FE-4656-89E8-31C61904C04D}.Release|Win32.Build.0 = Release|Win32
		{1AD4B521-4F25-4476-A8A0-FBD4C94850DF}.Debug|Win32.ActiveCfg = Debug|Win32
		{1AD4B521-4F25-4476-A8A0-FBD4C94850DF}.Debug|Win32.Build.0 = Debug|Win32
		{1AD4B521-4F25-4476-A8A0-FBD4C94850DF}.Release|Win32.ActiveCfg = Release|Win32
		{1AD4B521-4F25-4476-A8A0-FBD4C94850DF}.Release|Win32.Build.0 = Release|Win32
	EndGlobalSection
	GlobalSection(SolutionProperties) = preSolution
		HideSolutionNode = FALSE
	EndGlobalSection
EndGlobal
