
Microsoft Visual Studio Solution File, Format Version 12.00
# Visual Studio 14
VisualStudioVersion = 14.0.24720.0
MinimumVisualStudioVersion = 10.0.40219.1
Project("{8BC9CEB8-8B4A-11D0-8D11-00A0C91BC942}") = "reverse-words-in-a-string", "reverse-words-in-a-string\reverse-words-in-a-string.vcxproj", "{4C233325-D420-4DE3-BA1D-69EFBECCD775}"
EndProject
Project("{8BC9CEB8-8B4A-11D0-8D11-00A0C91BC942}") = "evaluate-reverse-polish-notation", "evaluate-reverse-polish-notation\evaluate-reverse-polish-notation.vcxproj", "{B979E674-E824-4575-8F8B-89EF8D76A93D}"
EndProject
Project("{8BC9CEB8-8B4A-11D0-8D11-00A0C91BC942}") = "max-points-on-a-line", "max-points-on-a-line\max-points-on-a-line.vcxproj", "{DB6D69B9-4032-4065-8A54-7239EBED58F3}"
EndProject
Project("{8BC9CEB8-8B4A-11D0-8D11-00A0C91BC942}") = "sort-list", "sort-list\sort-list.vcxproj", "{6424A1FC-C090-47EF-A0FD-F2353C0713E9}"
EndProject
Project("{8BC9CEB8-8B4A-11D0-8D11-00A0C91BC942}") = "insertion-sort-list", "insertion-sort-list\insertion-sort-list.vcxproj", "{8CF8DA35-CB58-4431-BC10-91A43B65681F}"
EndProject
Project("{8BC9CEB8-8B4A-11D0-8D11-00A0C91BC942}") = "lru-cache", "lru-cache\lru-cache.vcxproj", "{4F44F766-8798-4C90-85F6-A81E317A388E}"
EndProject
Project("{8BC9CEB8-8B4A-11D0-8D11-00A0C91BC942}") = "binary-tree-postorder-traversal", "binary-tree-postorder-traversal\binary-tree-postorder-traversal.vcxproj", "{EA479347-B473-40B6-AE36-46D5F384A507}"
EndProject
Project("{8BC9CEB8-8B4A-11D0-8D11-00A0C91BC942}") = "binary-tree-preorder-traversal", "binary-tree-preorder-traversal\binary-tree-preorder-traversal.vcxproj", "{1DC91918-0432-43E1-83C9-3E29E8E61A99}"
EndProject
Project("{8BC9CEB8-8B4A-11D0-8D11-00A0C91BC942}") = "reorder-list", "reorder-list\reorder-list.vcxproj", "{EFFCB85B-004B-451B-AEB0-2B1C6157C652}"
EndProject
Project("{8BC9CEB8-8B4A-11D0-8D11-00A0C91BC942}") = "linked-list-cycle", "linked-list-cycle\linked-list-cycle.vcxproj", "{8EB967B4-2A30-4A4A-AA78-2E2A91533001}"
EndProject
Project("{8BC9CEB8-8B4A-11D0-8D11-00A0C91BC942}") = "linked-list-cycle-ii", "linked-list-cycle-ii\linked-list-cycle-ii.vcxproj", "{85CDEE8C-FEEC-4253-9E68-593B04CAA96E}"
EndProject
Project("{8BC9CEB8-8B4A-11D0-8D11-00A0C91BC942}") = "word-break", "word-break\word-break.vcxproj", "{DD794EA8-FE5F-4865-AF50-185E316FEA7D}"
EndProject
Project("{8BC9CEB8-8B4A-11D0-8D11-00A0C91BC942}") = "word-break-ii", "word-break-ii\word-break-ii.vcxproj", "{0095FF8D-BE72-441F-BBDD-C38ED3AB0608}"
EndProject
Project("{8BC9CEB8-8B4A-11D0-8D11-00A0C91BC942}") = "copy-list-with-random-pointer", "copy-list-with-random-pointer\copy-list-with-random-pointer.vcxproj", "{08971212-57CA-442C-B952-81A81A30B641}"
EndProject
Project("{8BC9CEB8-8B4A-11D0-8D11-00A0C91BC942}") = "single-number", "single-number\single-number.vcxproj", "{2140F644-C2A6-446B-B5C5-31368CDDB8F2}"
EndProject
Project("{8BC9CEB8-8B4A-11D0-8D11-00A0C91BC942}") = "single-number-ii", "single-number-ii\single-number-ii.vcxproj", "{09989604-435F-45BE-8B95-BDB9E10445E5}"
EndProject
Project("{8BC9CEB8-8B4A-11D0-8D11-00A0C91BC942}") = "candy", "candy\candy.vcxproj", "{779F1464-12A5-428A-9DDA-79B51EB93503}"
EndProject
Project("{8BC9CEB8-8B4A-11D0-8D11-00A0C91BC942}") = "gas-station", "gas-station\gas-station.vcxproj", "{7C14A385-5D13-442E-BDE2-1157B9448F3E}"
EndProject
Project("{8BC9CEB8-8B4A-11D0-8D11-00A0C91BC942}") = "clone-graph", "clone-graph\clone-graph.vcxproj", "{CB72D732-0085-45D1-B266-F7EF9AE8C8F5}"
EndProject
Project("{8BC9CEB8-8B4A-11D0-8D11-00A0C91BC942}") = "palindrome-partitioning-ii", "palindrome-partitioning-ii\palindrome-partitioning-ii.vcxproj", "{BD0E62AE-A4CA-4C38-A8F5-F94F29A03AAB}"
EndProject
Project("{8BC9CEB8-8B4A-11D0-8D11-00A0C91BC942}") = "palindrome-partitioning", "palindrome-partitioning\palindrome-partitioning.vcxproj", "{6F7AC9F1-225C-432C-AE20-74B7F9FC7F4D}"
EndProject
Project("{8BC9CEB8-8B4A-11D0-8D11-00A0C91BC942}") = "surrounded-regions", "surrounded-regions\surrounded-regions.vcxproj", "{9E467A79-91F8-4271-8E32-632F781CDE47}"
EndProject
Project("{8BC9CEB8-8B4A-11D0-8D11-00A0C91BC942}") = "sum-root-to-leaf-numbers", "sum-root-to-leaf-numbers\sum-root-to-leaf-numbers.vcxproj", "{1481F686-2EEA-465B-B9CF-601F66F54D3B}"
EndProject
Project("{8BC9CEB8-8B4A-11D0-8D11-00A0C91BC942}") = "longest-consecutive-sequence", "longest-consecutive-sequence\longest-consecutive-sequence.vcxproj", "{F1A64087-A280-4EF9-AB2B-A62D6924E597}"
EndProject
Project("{8BC9CEB8-8B4A-11D0-8D11-00A0C91BC942}") = "word-ladder", "word-ladder\word-ladder.vcxproj", "{552333F0-0507-477D-9439-0FE81C45E2EB}"
EndProject
Project("{8BC9CEB8-8B4A-11D0-8D11-00A0C91BC942}") = "word-ladder-ii", "word-ladder-ii\word-ladder-ii.vcxproj", "{70AE2716-4CA3-44E0-B86F-FDC38A46DB10}"
EndProject
Project("{8BC9CEB8-8B4A-11D0-8D11-00A0C91BC942}") = "valid-palindrome", "valid-palindrome\valid-palindrome.vcxproj", "{5C16FA76-D2FE-4656-89E8-31C61904C04D}"
EndProject
Project("{8BC9CEB8-8B4A-11D0-8D11-00A0C91BC942}") = "binary-tree-maximum-path-sum", "binary-tree-maximum-path-sum\binary-tree-maximum-path-sum.vcxproj", "{1AD4B521-4F25-4476-A8A0-FBD4C94850DF}"
EndProject
Project("{8BC9CEB8-8B4A-11D0-8D11-00A0C91BC942}") = "best-time-to-buy-and-sell-stock", "best-time-to-buy-and-sell-stock\best-time-to-buy-and-sell-stock.vcxproj", "{79C11BFE-AEA7-4147-B6D9-E1C0C243C1E3}"
EndProject
Project("{8BC9CEB8-8B4A-11D0-8D11-00A0C91BC942}") = "best-time-to-buy-and-sell-stock-ii", "best-time-to-buy-and-sell-stock-ii\best-time-to-buy-and-sell-stock-ii.vcxproj", "{2216A046-CCA4-43A9-A839-B92009779B13}"
EndProject
Project("{8BC9CEB8-8B4A-11D0-8D11-00A0C91BC942}") = "best-time-to-buy-and-sell-stock-iii", "best-time-to-buy-and-sell-stock-iii\best-time-to-buy-and-sell-stock-iii.vcxproj", "{9567B66A-9294-48CE-9BD2-3EC96996FAC2}"
EndProject
Project("{8BC9CEB8-8B4A-11D0-8D11-00A0C91BC942}") = "triangle", "triangle\triangle.vcxproj", "{702F9C56-DB4B-4A6A-B49B-EA9FC75C6F1F}"
EndProject
Project("{8BC9CEB8-8B4A-11D0-8D11-00A0C91BC942}") = "pascals-triangle", "pascals-triangle\pascals-triangle.vcxproj", "{A4C977D8-1704-45B4-8106-2C0897D14D32}"
EndProject
Project("{8BC9CEB8-8B4A-11D0-8D11-00A0C91BC942}") = "pascals-triangle-ii", "pascals-triangle-ii\pascals-triangle-ii.vcxproj", "{37FB11CF-C122-43FE-A1D7-9C8713070FFA}"
EndProject
Project("{8BC9CEB8-8B4A-11D0-8D11-00A0C91BC942}") = "populating-next-right-pointers-in-each-node", "populating-next-right-pointers-in-each-node\populating-next-right-pointers-in-each-node.vcxproj", "{462A5F9A-DD6F-4BA2-AF62-EBB7FEC3F1FD}"
EndProject
Project("{8BC9CEB8-8B4A-11D0-8D11-00A0C91BC942}") = "populating-next-right-pointers-in-each-node-ii", "populating-next-right-pointers-in-each-node-ii\populating-next-right-pointers-in-each-node-ii.vcxproj", "{EC782439-49DC-49D9-8667-5DDAD37A6154}"
EndProject
Project("{8BC9CEB8-8B4A-11D0-8D11-00A0C91BC942}") = "distinct-subsequences", "distinct-subsequences\distinct-subsequences.vcxproj", "{A6D58E1A-CFD2-4131-8910-B237527C06F5}"
EndProject
Project("{8BC9CEB8-8B4A-11D0-8D11-00A0C91BC942}") = "flatten-binary-tree-to-linked-list", "flatten-binary-tree-to-linked-list\flatten-binary-tree-to-linked-list.vcxproj", "{C1E42BEA-FC3E-4D85-8145-92615D3CE918}"
EndProject
Project("{8BC9CEB8-8B4A-11D0-8D11-00A0C91BC942}") = "path-sum", "path-sum\path-sum.vcxproj", "{42AC8D95-7F17-4365-A440-74417CC90A2C}"
EndProject
Project("{8BC9CEB8-8B4A-11D0-8D11-00A0C91BC942}") = "path-sum-ii", "path-sum-ii\path-sum-ii.vcxproj", "{AF8AA7A2-53BB-41F1-AE10-8790D795488B}"
EndProject
Project("{8BC9CEB8-8B4A-11D0-8D11-00A0C91BC942}") = "minimum-depth-of-binary-tree", "minimum-depth-of-binary-tree\minimum-depth-of-binary-tree.vcxproj", "{BED94C19-C957-491F-89B7-984046A7AB16}"
EndProject
Project("{8BC9CEB8-8B4A-11D0-8D11-00A0C91BC942}") = "balanced-binary-tree", "balanced-binary-tree\balanced-binary-tree.vcxproj", "{D8A6EC71-B206-48CF-B44C-C9C54A7262C3}"
EndProject
Project("{8BC9CEB8-8B4A-11D0-8D11-00A0C91BC942}") = "convert-sorted-list-to-binary-search-tree", "convert-sorted-list-to-binary-search-tree\convert-sorted-list-to-binary-search-tree.vcxproj", "{705BFF37-1A4E-42C3-811C-52E378A904A7}"
EndProject
Project("{8BC9CEB8-8B4A-11D0-8D11-00A0C91BC942}") = "convert-sorted-array-to-binary-search-tree", "convert-sorted-array-to-binary-search-tree\convert-sorted-array-to-binary-search-tree.vcxproj", "{7B135F08-7917-4F12-97CF-3C8E4E40A9E1}"
EndProject
Project("{8BC9CEB8-8B4A-11D0-8D11-00A0C91BC942}") = "binary-tree-level-order-traversal", "binary-tree-level-order-traversal\binary-tree-level-order-traversal.vcxproj", "{ADAE9ABB-411B-4561-A86B-D7EBDE625493}"
EndProject
Project("{8BC9CEB8-8B4A-11D0-8D11-00A0C91BC942}") = "binary-tree-level-order-traversal-ii", "binary-tree-level-order-traversal-ii\binary-tree-level-order-traversal-ii.vcxproj", "{4B960FD5-9006-42D1-8082-95ADA893A914}"
EndProject
Project("{8BC9CEB8-8B4A-11D0-8D11-00A0C91BC942}") = "construct-binary-tree-from-inorder-and-postorder-traversal", "construct-binary-tree-from-inorder-and-postorder-traversal\construct-binary-tree-from-inorder-and-postorder-traversal.vcxproj", "{67589499-7C22-4647-8ADC-747F8FC1901A}"
EndProject
Project("{8BC9CEB8-8B4A-11D0-8D11-00A0C91BC942}") = "construct-binary-tree-from-preorder-and-inorder-traversal", "construct-binary-tree-from-preorder-and-inorder-traversal\construct-binary-tree-from-preorder-and-inorder-traversal.vcxproj", "{D546B960-268C-4A0A-A769-E893EF43703A}"
EndProject
Project("{8BC9CEB8-8B4A-11D0-8D11-00A0C91BC942}") = "maximum-depth-of-binary-tree", "maximum-depth-of-binary-tree\maximum-depth-of-binary-tree.vcxproj", "{CBFD6F0C-5355-4BA8-8FA7-5F30FF746D92}"
EndProject
Project("{8BC9CEB8-8B4A-11D0-8D11-00A0C91BC942}") = "binary-tree-zigzag-level-order-traversal", "binary-tree-zigzag-level-order-traversal\binary-tree-zigzag-level-order-traversal.vcxproj", "{DA522393-FC2C-4A18-AB9C-1F1280468E06}"
EndProject
Project("{8BC9CEB8-8B4A-11D0-8D11-00A0C91BC942}") = "symmetric-tree", "symmetric-tree\symmetric-tree.vcxproj", "{E4740F71-9C66-44B7-A212-90BC4A632349}"
EndProject
Project("{8BC9CEB8-8B4A-11D0-8D11-00A0C91BC942}") = "same-tree", "same-tree\same-tree.vcxproj", "{91E70501-7621-4037-9B9A-D70028AE9FFD}"
EndProject
Project("{8BC9CEB8-8B4A-11D0-8D11-00A0C91BC942}") = "recover-binary-search-tree", "recover-binary-search-tree\recover-binary-search-tree.vcxproj", "{BDB7C3DB-C952-4DE0-83A9-8E2F6445D45C}"
EndProject
Project("{8BC9CEB8-8B4A-11D0-8D11-00A0C91BC942}") = "validate-binary-search-tree", "validate-binary-search-tree\validate-binary-search-tree.vcxproj", "{196A40FB-186F-44C1-AE19-373A7668A650}"
EndProject
Project("{8BC9CEB8-8B4A-11D0-8D11-00A0C91BC942}") = "interleaving-string", "interleaving-string\interleaving-string.vcxproj", "{7E606EE9-B43F-4563-91D9-7484EBC58762}"
EndProject
Project("{8BC9CEB8-8B4A-11D0-8D11-00A0C91BC942}") = "unique-binary-search-trees", "unique-binary-search-trees\unique-binary-search-trees.vcxproj", "{DF3A8AEE-30ED-40F6-8B50-A36D0AA6959D}"
EndProject
Project("{8BC9CEB8-8B4A-11D0-8D11-00A0C91BC942}") = "unique-binary-search-trees-ii", "unique-binary-search-trees-ii\unique-binary-search-trees-ii.vcxproj", "{1AF40F2B-B129-435E-91B0-D0CF589E9767}"
EndProject
Project("{8BC9CEB8-8B4A-11D0-8D11-00A0C91BC942}") = "binary-tree-inorder-traversal", "binary-tree-inorder-traversal\binary-tree-inorder-traversal.vcxproj", "{1E740B38-EE7A-4C2A-998A-42813A7C9FE9}"
EndProject
Project("{8BC9CEB8-8B4A-11D0-8D11-00A0C91BC942}") = "restore-ip-addresses", "restore-ip-addresses\restore-ip-addresses.vcxproj", "{C2130C45-F974-4103-A7B5-635EE9479685}"
EndProject
Project("{8BC9CEB8-8B4A-11D0-8D11-00A0C91BC942}") = "reverse-linked-list-ii", "reverse-linked-list-ii\reverse-linked-list-ii.vcxproj", "{DFD2045C-DA14-4695-80FD-C676892D4B0D}"
EndProject
Project("{8BC9CEB8-8B4A-11D0-8D11-00A0C91BC942}") = "subsets", "subsets\subsets.vcxproj", "{69B850EC-5821-4530-8795-1F25B7621674}"
EndProject
Project("{8BC9CEB8-8B4A-11D0-8D11-00A0C91BC942}") = "subsets-ii", "subsets-ii\subsets-ii.vcxproj", "{30D23009-7523-48A1-8F11-3A6392AC6046}"
EndProject
Project("{8BC9CEB8-8B4A-11D0-8D11-00A0C91BC942}") = "decode-ways", "decode-ways\decode-ways.vcxproj", "{8148E616-482C-4459-88FB-1BDBEFCE59CD}"
EndProject
Project("{8BC9CEB8-8B4A-11D0-8D11-00A0C91BC942}") = "gray-code", "gray-code\gray-code.vcxproj", "{3CCF411C-0EEF-4045-90EF-582B5EC2E906}"
EndProject
Project("{8BC9CEB8-8B4A-11D0-8D11-00A0C91BC942}") = "merge-sorted-array", "merge-sorted-array\merge-sorted-array.vcxproj", "{1BD98405-10AE-4993-A1B5-8693B2EF6942}"
EndProject
Project("{8BC9CEB8-8B4A-11D0-8D11-00A0C91BC942}") = "scramble-string", "scramble-string\scramble-string.vcxproj", "{51CB164B-A30E-49B9-B0EE-666A686CF131}"
EndProject
Project("{8BC9CEB8-8B4A-11D0-8D11-00A0C91BC942}") = "partition-list", "partition-list\partition-list.vcxproj", "{98E3370B-E5BA-4EBA-A6C0-1296376FF8F8}"
EndProject
Project("{8BC9CEB8-8B4A-11D0-8D11-00A0C91BC942}") = "maximal-rectangle", "maximal-rectangle\maximal-rectangle.vcxproj", "{77785E02-4DC8-4489-97BA-DCB49DBA929C}"
EndProject
Project("{8BC9CEB8-8B4A-11D0-8D11-00A0C91BC942}") = "largest-rectangle-in-histogram", "largest-rectangle-in-histogram\largest-rectangle-in-histogram.vcxproj", "{E1A63976-2A65-4D0F-BAF5-28449E348059}"
EndProject
Project("{8BC9CEB8-8B4A-11D0-8D11-00A0C91BC942}") = "remove-duplicates-from-sorted-list", "remove-duplicates-from-sorted-list\remove-duplicates-from-sorted-list.vcxproj", "{F588B792-B3B8-4529-9477-9CF392F93905}"
EndProject
Project("{8BC9CEB8-8B4A-11D0-8D11-00A0C91BC942}") = "remove-duplicates-from-sorted-list-ii", "remove-duplicates-from-sorted-list-ii\remove-duplicates-from-sorted-list-ii.vcxproj", "{2F2C889B-1CCA-419E-B9EB-C2635E409013}"
EndProject
Project("{8BC9CEB8-8B4A-11D0-8D11-00A0C91BC942}") = "two-sum", "two-sum\two-sum.vcxproj", "{75C7B41C-EA0A-4997-8D50-CD8A0B3BE4C6}"
EndProject
Project("{8BC9CEB8-8B4A-11D0-8D11-00A0C91BC942}") = "add-two-numbers", "add-two-numbers\add-two-numbers.vcxproj", "{E15B5643-109F-4ACF-BB7E-750D3A0E7601}"
EndProject
Project("{8BC9CEB8-8B4A-11D0-8D11-00A0C91BC942}") = "longest-substring-without-repeating-characters", "longest-substring-without-repeating-characters\longest-substring-without-repeating-characters.vcxproj", "{1036CF0B-9066-422B-8946-AA2858E942E5}"
EndProject
Project("{8BC9CEB8-8B4A-11D0-8D11-00A0C91BC942}") = "median-of-two-sorted-arrays", "median-of-two-sorted-arrays\median-of-two-sorted-arrays.vcxproj", "{B0B4A457-5E7D-41E9-8C1F-0AC5CB0559AE}"
EndProject
Project("{8BC9CEB8-8B4A-11D0-8D11-00A0C91BC942}") = "longest-palindromic-substring", "longest-palindromic-substring\longest-palindromic-substring.vcxproj", "{B9575A41-AB25-4C9F-A975-ED8B05D5B943}"
EndProject
Project("{8BC9CEB8-8B4A-11D0-8D11-00A0C91BC942}") = "zigzag-conversion", "zigzag-conversion\zigzag-conversion.vcxproj", "{5A4E6AFA-772C-452F-AC6A-C38402FFC273}"
EndProject
Project("{8BC9CEB8-8B4A-11D0-8D11-00A0C91BC942}") = "reverse-integer", "reverse-integer\reverse-integer.vcxproj", "{D3C68725-6FA0-4227-9718-9C4707032275}"
EndProject
Project("{8BC9CEB8-8B4A-11D0-8D11-00A0C91BC942}") = "string-to-integer-atoi", "string-to-integer-atoi\string-to-integer-atoi.vcxproj", "{EB31E590-76E3-4E3A-B389-597B94C18433}"
EndProject
Project("{8BC9CEB8-8B4A-11D0-8D11-00A0C91BC942}") = "palindrome-number", "palindrome-number\palindrome-number.vcxproj", "{2B205E7B-34D1-4FB2-B37A-A243B614A882}"
EndProject
Project("{8BC9CEB8-8B4A-11D0-8D11-00A0C91BC942}") = "regular-expression-matching", "regular-expression-matching\regular-expression-matching.vcxproj", "{C8D39DB4-398D-4B50-946F-5D2BC35904EC}"
EndProject
Project("{8BC9CEB8-8B4A-11D0-8D11-00A0C91BC942}") = "roman-to-integer", "roman-to-integer\roman-to-integer.vcxproj", "{A7D1804E-02CE-41B0-BCA4-059E66354A69}"
EndProject
Project("{8BC9CEB8-8B4A-11D0-8D11-00A0C91BC942}") = "longest-common-prefix", "longest-common-prefix\longest-common-prefix.vcxproj", "{D4A95D63-68E8-4799-BD3C-013040ED5D2A}"
EndProject
Global
	GlobalSection(SolutionConfigurationPlatforms) = preSolution
		Debug|Any CPU = Debug|Any CPU
		Debug|Mixed Platforms = Debug|Mixed Platforms
		Debug|Win32 = Debug|Win32
		Debug|x64 = Debug|x64
		Release|Any CPU = Release|Any CPU
		Release|Mixed Platforms = Release|Mixed Platforms
		Release|Win32 = Release|Win32
		Release|x64 = Release|x64
	EndGlobalSection
	GlobalSection(ProjectConfigurationPlatforms) = postSolution
		{4C233325-D420-4DE3-BA1D-69EFBECCD775}.Debug|Any CPU.ActiveCfg = Debug|Win32
		{4C233325-D420-4DE3-BA1D-69EFBECCD775}.Debug|Mixed Platforms.ActiveCfg = Debug|Win32
		{4C233325-D420-4DE3-BA1D-69EFBECCD775}.Debug|Mixed Platforms.Build.0 = Debug|Win32
		{4C233325-D420-4DE3-BA1D-69EFBECCD775}.Debug|Win32.ActiveCfg = Debug|Win32
		{4C233325-D420-4DE3-BA1D-69EFBECCD775}.Debug|Win32.Build.0 = Debug|Win32
		{4C233325-D420-4DE3-BA1D-69EFBECCD775}.Debug|x64.ActiveCfg = Debug|Win32
		{4C233325-D420-4DE3-BA1D-69EFBECCD775}.Release|Any CPU.ActiveCfg = Release|Win32
		{4C233325-D420-4DE3-BA1D-69EFBECCD775}.Release|Mixed Platforms.ActiveCfg = Release|Win32
		{4C233325-D420-4DE3-BA1D-69EFBECCD775}.Release|Mixed Platforms.Build.0 = Release|Win32
		{4C233325-D420-4DE3-BA1D-69EFBECCD775}.Release|Win32.ActiveCfg = Release|Win32
		{4C233325-D420-4DE3-BA1D-69EFBECCD775}.Release|Win32.Build.0 = Release|Win32
		{4C233325-D420-4DE3-BA1D-69EFBECCD775}.Release|x64.ActiveCfg = Release|Win32
		{B979E674-E824-4575-8F8B-89EF8D76A93D}.Debug|Any CPU.ActiveCfg = Debug|Win32
		{B979E674-E824-4575-8F8B-89EF8D76A93D}.Debug|Mixed Platforms.ActiveCfg = Debug|Win32
		{B979E674-E824-4575-8F8B-89EF8D76A93D}.Debug|Mixed Platforms.Build.0 = Debug|Win32
		{B979E674-E824-4575-8F8B-89EF8D76A93D}.Debug|Win32.ActiveCfg = Debug|Win32
		{B979E674-E824-4575-8F8B-89EF8D76A93D}.Debug|Win32.Build.0 = Debug|Win32
		{B979E674-E824-4575-8F8B-89EF8D76A93D}.Debug|x64.ActiveCfg = Debug|Win32
		{B979E674-E824-4575-8F8B-89EF8D76A93D}.Release|Any CPU.ActiveCfg = Release|Win32
		{B979E674-E824-4575-8F8B-89EF8D76A93D}.Release|Mixed Platforms.ActiveCfg = Release|Win32
		{B979E674-E824-4575-8F8B-89EF8D76A93D}.Release|Mixed Platforms.Build.0 = Release|Win32
		{B979E674-E824-4575-8F8B-89EF8D76A93D}.Release|Win32.ActiveCfg = Release|Win32
		{B979E674-E824-4575-8F8B-89EF8D76A93D}.Release|Win32.Build.0 = Release|Win32
		{B979E674-E824-4575-8F8B-89EF8D76A93D}.Release|x64.ActiveCfg = Release|Win32
		{DB6D69B9-4032-4065-8A54-7239EBED58F3}.Debug|Any CPU.ActiveCfg = Debug|Win32
		{DB6D69B9-4032-4065-8A54-7239EBED58F3}.Debug|Mixed Platforms.ActiveCfg = Debug|Win32
		{DB6D69B9-4032-4065-8A54-7239EBED58F3}.Debug|Mixed Platforms.Build.0 = Debug|Win32
		{DB6D69B9-4032-4065-8A54-7239EBED58F3}.Debug|Win32.ActiveCfg = Debug|Win32
		{DB6D69B9-4032-4065-8A54-7239EBED58F3}.Debug|Win32.Build.0 = Debug|Win32
		{DB6D69B9-4032-4065-8A54-7239EBED58F3}.Debug|x64.ActiveCfg = Debug|Win32
		{DB6D69B9-4032-4065-8A54-7239EBED58F3}.Release|Any CPU.ActiveCfg = Release|Win32
		{DB6D69B9-4032-4065-8A54-7239EBED58F3}.Release|Mixed Platforms.ActiveCfg = Release|Win32
		{DB6D69B9-4032-4065-8A54-7239EBED58F3}.Release|Mixed Platforms.Build.0 = Release|Win32
		{DB6D69B9-4032-4065-8A54-7239EBED58F3}.Release|Win32.ActiveCfg = Release|Win32
		{DB6D69B9-4032-4065-8A54-7239EBED58F3}.Release|Win32.Build.0 = Release|Win32
		{DB6D69B9-4032-4065-8A54-7239EBED58F3}.Release|x64.ActiveCfg = Release|Win32
		{6424A1FC-C090-47EF-A0FD-F2353C0713E9}.Debug|Any CPU.ActiveCfg = Debug|Win32
		{6424A1FC-C090-47EF-A0FD-F2353C0713E9}.Debug|Mixed Platforms.ActiveCfg = Debug|Win32
		{6424A1FC-C090-47EF-A0FD-F2353C0713E9}.Debug|Mixed Platforms.Build.0 = Debug|Win32
		{6424A1FC-C090-47EF-A0FD-F2353C0713E9}.Debug|Win32.ActiveCfg = Debug|Win32
		{6424A1FC-C090-47EF-A0FD-F2353C0713E9}.Debug|Win32.Build.0 = Debug|Win32
		{6424A1FC-C090-47EF-A0FD-F2353C0713E9}.Debug|x64.ActiveCfg = Debug|Win32
		{6424A1FC-C090-47EF-A0FD-F2353C0713E9}.Release|Any CPU.ActiveCfg = Release|Win32
		{6424A1FC-C090-47EF-A0FD-F2353C0713E9}.Release|Mixed Platforms.ActiveCfg = Release|Win32
		{6424A1FC-C090-47EF-A0FD-F2353C0713E9}.Release|Mixed Platforms.Build.0 = Release|Win32
		{6424A1FC-C090-47EF-A0FD-F2353C0713E9}.Release|Win32.ActiveCfg = Release|Win32
		{6424A1FC-C090-47EF-A0FD-F2353C0713E9}.Release|Win32.Build.0 = Release|Win32
		{6424A1FC-C090-47EF-A0FD-F2353C0713E9}.Release|x64.ActiveCfg = Release|Win32
		{8CF8DA35-CB58-4431-BC10-91A43B65681F}.Debug|Any CPU.ActiveCfg = Debug|Win32
		{8CF8DA35-CB58-4431-BC10-91A43B65681F}.Debug|Mixed Platforms.ActiveCfg = Debug|Win32
		{8CF8DA35-CB58-4431-BC10-91A43B65681F}.Debug|Mixed Platforms.Build.0 = Debug|Win32
		{8CF8DA35-CB58-4431-BC10-91A43B65681F}.Debug|Win32.ActiveCfg = Debug|Win32
		{8CF8DA35-CB58-4431-BC10-91A43B65681F}.Debug|Win32.Build.0 = Debug|Win32
		{8CF8DA35-CB58-4431-BC10-91A43B65681F}.Debug|x64.ActiveCfg = Debug|Win32
		{8CF8DA35-CB58-4431-BC10-91A43B65681F}.Release|Any CPU.ActiveCfg = Release|Win32
		{8CF8DA35-CB58-4431-BC10-91A43B65681F}.Release|Mixed Platforms.ActiveCfg = Release|Win32
		{8CF8DA35-CB58-4431-BC10-91A43B65681F}.Release|Mixed Platforms.Build.0 = Release|Win32
		{8CF8DA35-CB58-4431-BC10-91A43B65681F}.Release|Win32.ActiveCfg = Release|Win32
		{8CF8DA35-CB58-4431-BC10-91A43B65681F}.Release|Win32.Build.0 = Release|Win32
		{8CF8DA35-CB58-4431-BC10-91A43B65681F}.Release|x64.ActiveCfg = Release|Win32
		{4F44F766-8798-4C90-85F6-A81E317A388E}.Debug|Any CPU.ActiveCfg = Debug|Win32
		{4F44F766-8798-4C90-85F6-A81E317A388E}.Debug|Mixed Platforms.ActiveCfg = Debug|Win32
		{4F44F766-8798-4C90-85F6-A81E317A388E}.Debug|Mixed Platforms.Build.0 = Debug|Win32
		{4F44F766-8798-4C90-85F6-A81E317A388E}.Debug|Win32.ActiveCfg = Debug|Win32
		{4F44F766-8798-4C90-85F6-A81E317A388E}.Debug|Win32.Build.0 = Debug|Win32
		{4F44F766-8798-4C90-85F6-A81E317A388E}.Debug|x64.ActiveCfg = Debug|Win32
		{4F44F766-8798-4C90-85F6-A81E317A388E}.Release|Any CPU.ActiveCfg = Release|Win32
		{4F44F766-8798-4C90-85F6-A81E317A388E}.Release|Mixed Platforms.ActiveCfg = Release|Win32
		{4F44F766-8798-4C90-85F6-A81E317A388E}.Release|Mixed Platforms.Build.0 = Release|Win32
		{4F44F766-8798-4C90-85F6-A81E317A388E}.Release|Win32.ActiveCfg = Release|Win32
		{4F44F766-8798-4C90-85F6-A81E317A388E}.Release|Win32.Build.0 = Release|Win32
		{4F44F766-8798-4C90-85F6-A81E317A388E}.Release|x64.ActiveCfg = Release|Win32
		{EA479347-B473-40B6-AE36-46D5F384A507}.Debug|Any CPU.ActiveCfg = Debug|Win32
		{EA479347-B473-40B6-AE36-46D5F384A507}.Debug|Mixed Platforms.ActiveCfg = Debug|Win32
		{EA479347-B473-40B6-AE36-46D5F384A507}.Debug|Mixed Platforms.Build.0 = Debug|Win32
		{EA479347-B473-40B6-AE36-46D5F384A507}.Debug|Win32.ActiveCfg = Debug|Win32
		{EA479347-B473-40B6-AE36-46D5F384A507}.Debug|Win32.Build.0 = Debug|Win32
		{EA479347-B473-40B6-AE36-46D5F384A507}.Debug|x64.ActiveCfg = Debug|Win32
		{EA479347-B473-40B6-AE36-46D5F384A507}.Release|Any CPU.ActiveCfg = Release|Win32
		{EA479347-B473-40B6-AE36-46D5F384A507}.Release|Mixed Platforms.ActiveCfg = Release|Win32
		{EA479347-B473-40B6-AE36-46D5F384A507}.Release|Mixed Platforms.Build.0 = Release|Win32
		{EA479347-B473-40B6-AE36-46D5F384A507}.Release|Win32.ActiveCfg = Release|Win32
		{EA479347-B473-40B6-AE36-46D5F384A507}.Release|Win32.Build.0 = Release|Win32
		{EA479347-B473-40B6-AE36-46D5F384A507}.Release|x64.ActiveCfg = Release|Win32
		{1DC91918-0432-43E1-83C9-3E29E8E61A99}.Debug|Any CPU.ActiveCfg = Debug|Win32
		{1DC91918-0432-43E1-83C9-3E29E8E61A99}.Debug|Mixed Platforms.ActiveCfg = Debug|Win32
		{1DC91918-0432-43E1-83C9-3E29E8E61A99}.Debug|Mixed Platforms.Build.0 = Debug|Win32
		{1DC91918-0432-43E1-83C9-3E29E8E61A99}.Debug|Win32.ActiveCfg = Debug|Win32
		{1DC91918-0432-43E1-83C9-3E29E8E61A99}.Debug|Win32.Build.0 = Debug|Win32
		{1DC91918-0432-43E1-83C9-3E29E8E61A99}.Debug|x64.ActiveCfg = Debug|Win32
		{1DC91918-0432-43E1-83C9-3E29E8E61A99}.Release|Any CPU.ActiveCfg = Release|Win32
		{1DC91918-0432-43E1-83C9-3E29E8E61A99}.Release|Mixed Platforms.ActiveCfg = Release|Win32
		{1DC91918-0432-43E1-83C9-3E29E8E61A99}.Release|Mixed Platforms.Build.0 = Release|Win32
		{1DC91918-0432-43E1-83C9-3E29E8E61A99}.Release|Win32.ActiveCfg = Release|Win32
		{1DC91918-0432-43E1-83C9-3E29E8E61A99}.Release|Win32.Build.0 = Release|Win32
		{1DC91918-0432-43E1-83C9-3E29E8E61A99}.Release|x64.ActiveCfg = Release|Win32
		{EFFCB85B-004B-451B-AEB0-2B1C6157C652}.Debug|Any CPU.ActiveCfg = Debug|Win32
		{EFFCB85B-004B-451B-AEB0-2B1C6157C652}.Debug|Mixed Platforms.ActiveCfg = Debug|Win32
		{EFFCB85B-004B-451B-AEB0-2B1C6157C652}.Debug|Mixed Platforms.Build.0 = Debug|Win32
		{EFFCB85B-004B-451B-AEB0-2B1C6157C652}.Debug|Win32.ActiveCfg = Debug|Win32
		{EFFCB85B-004B-451B-AEB0-2B1C6157C652}.Debug|Win32.Build.0 = Debug|Win32
		{EFFCB85B-004B-451B-AEB0-2B1C6157C652}.Debug|x64.ActiveCfg = Debug|Win32
		{EFFCB85B-004B-451B-AEB0-2B1C6157C652}.Release|Any CPU.ActiveCfg = Release|Win32
		{EFFCB85B-004B-451B-AEB0-2B1C6157C652}.Release|Mixed Platforms.ActiveCfg = Release|Win32
		{EFFCB85B-004B-451B-AEB0-2B1C6157C652}.Release|Mixed Platforms.Build.0 = Release|Win32
		{EFFCB85B-004B-451B-AEB0-2B1C6157C652}.Release|Win32.ActiveCfg = Release|Win32
		{EFFCB85B-004B-451B-AEB0-2B1C6157C652}.Release|Win32.Build.0 = Release|Win32
		{EFFCB85B-004B-451B-AEB0-2B1C6157C652}.Release|x64.ActiveCfg = Release|Win32
		{8EB967B4-2A30-4A4A-AA78-2E2A91533001}.Debug|Any CPU.ActiveCfg = Debug|Win32
		{8EB967B4-2A30-4A4A-AA78-2E2A91533001}.Debug|Mixed Platforms.ActiveCfg = Debug|Win32
		{8EB967B4-2A30-4A4A-AA78-2E2A91533001}.Debug|Mixed Platforms.Build.0 = Debug|Win32
		{8EB967B4-2A30-4A4A-AA78-2E2A91533001}.Debug|Win32.ActiveCfg = Debug|Win32
		{8EB967B4-2A30-4A4A-AA78-2E2A91533001}.Debug|Win32.Build.0 = Debug|Win32
		{8EB967B4-2A30-4A4A-AA78-2E2A91533001}.Debug|x64.ActiveCfg = Debug|Win32
		{8EB967B4-2A30-4A4A-AA78-2E2A91533001}.Release|Any CPU.ActiveCfg = Release|Win32
		{8EB967B4-2A30-4A4A-AA78-2E2A91533001}.Release|Mixed Platforms.ActiveCfg = Release|Win32
		{8EB967B4-2A30-4A4A-AA78-2E2A91533001}.Release|Mixed Platforms.Build.0 = Release|Win32
		{8EB967B4-2A30-4A4A-AA78-2E2A91533001}.Release|Win32.ActiveCfg = Release|Win32
		{8EB967B4-2A30-4A4A-AA78-2E2A91533001}.Release|Win32.Build.0 = Release|Win32
		{8EB967B4-2A30-4A4A-AA78-2E2A91533001}.Release|x64.ActiveCfg = Release|Win32
		{85CDEE8C-FEEC-4253-9E68-593B04CAA96E}.Debug|Any CPU.ActiveCfg = Debug|Win32
		{85CDEE8C-FEEC-4253-9E68-593B04CAA96E}.Debug|Mixed Platforms.ActiveCfg = Debug|Win32
		{85CDEE8C-FEEC-4253-9E68-593B04CAA96E}.Debug|Mixed Platforms.Build.0 = Debug|Win32
		{85CDEE8C-FEEC-4253-9E68-593B04CAA96E}.Debug|Win32.ActiveCfg = Debug|Win32
		{85CDEE8C-FEEC-4253-9E68-593B04CAA96E}.Debug|Win32.Build.0 = Debug|Win32
		{85CDEE8C-FEEC-4253-9E68-593B04CAA96E}.Debug|x64.ActiveCfg = Debug|Win32
		{85CDEE8C-FEEC-4253-9E68-593B04CAA96E}.Release|Any CPU.ActiveCfg = Release|Win32
		{85CDEE8C-FEEC-4253-9E68-593B04CAA96E}.Release|Mixed Platforms.ActiveCfg = Release|Win32
		{85CDEE8C-FEEC-4253-9E68-593B04CAA96E}.Release|Mixed Platforms.Build.0 = Release|Win32
		{85CDEE8C-FEEC-4253-9E68-593B04CAA96E}.Release|Win32.ActiveCfg = Release|Win32
		{85CDEE8C-FEEC-4253-9E68-593B04CAA96E}.Release|Win32.Build.0 = Release|Win32
		{85CDEE8C-FEEC-4253-9E68-593B04CAA96E}.Release|x64.ActiveCfg = Release|Win32
		{DD794EA8-FE5F-4865-AF50-185E316FEA7D}.Debug|Any CPU.ActiveCfg = Debug|Win32
		{DD794EA8-FE5F-4865-AF50-185E316FEA7D}.Debug|Mixed Platforms.ActiveCfg = Debug|Win32
		{DD794EA8-FE5F-4865-AF50-185E316FEA7D}.Debug|Mixed Platforms.Build.0 = Debug|Win32
		{DD794EA8-FE5F-4865-AF50-185E316FEA7D}.Debug|Win32.ActiveCfg = Debug|Win32
		{DD794EA8-FE5F-4865-AF50-185E316FEA7D}.Debug|Win32.Build.0 = Debug|Win32
		{DD794EA8-FE5F-4865-AF50-185E316FEA7D}.Debug|x64.ActiveCfg = Debug|Win32
		{DD794EA8-FE5F-4865-AF50-185E316FEA7D}.Release|Any CPU.ActiveCfg = Release|Win32
		{DD794EA8-FE5F-4865-AF50-185E316FEA7D}.Release|Mixed Platforms.ActiveCfg = Release|Win32
		{DD794EA8-FE5F-4865-AF50-185E316FEA7D}.Release|Mixed Platforms.Build.0 = Release|Win32
		{DD794EA8-FE5F-4865-AF50-185E316FEA7D}.Release|Win32.ActiveCfg = Release|Win32
		{DD794EA8-FE5F-4865-AF50-185E316FEA7D}.Release|Win32.Build.0 = Release|Win32
		{DD794EA8-FE5F-4865-AF50-185E316FEA7D}.Release|x64.ActiveCfg = Release|Win32
		{0095FF8D-BE72-441F-BBDD-C38ED3AB0608}.Debug|Any CPU.ActiveCfg = Debug|Win32
		{0095FF8D-BE72-441F-BBDD-C38ED3AB0608}.Debug|Mixed Platforms.ActiveCfg = Debug|Win32
		{0095FF8D-BE72-441F-BBDD-C38ED3AB0608}.Debug|Mixed Platforms.Build.0 = Debug|Win32
		{0095FF8D-BE72-441F-BBDD-C38ED3AB0608}.Debug|Win32.ActiveCfg = Debug|Win32
		{0095FF8D-BE72-441F-BBDD-C38ED3AB0608}.Debug|Win32.Build.0 = Debug|Win32
		{0095FF8D-BE72-441F-BBDD-C38ED3AB0608}.Debug|x64.ActiveCfg = Debug|Win32
		{0095FF8D-BE72-441F-BBDD-C38ED3AB0608}.Release|Any CPU.ActiveCfg = Release|Win32
		{0095FF8D-BE72-441F-BBDD-C38ED3AB0608}.Release|Mixed Platforms.ActiveCfg = Release|Win32
		{0095FF8D-BE72-441F-BBDD-C38ED3AB0608}.Release|Mixed Platforms.Build.0 = Release|Win32
		{0095FF8D-BE72-441F-BBDD-C38ED3AB0608}.Release|Win32.ActiveCfg = Release|Win32
		{0095FF8D-BE72-441F-BBDD-C38ED3AB0608}.Release|Win32.Build.0 = Release|Win32
		{0095FF8D-BE72-441F-BBDD-C38ED3AB0608}.Release|x64.ActiveCfg = Release|Win32
		{08971212-57CA-442C-B952-81A81A30B641}.Debug|Any CPU.ActiveCfg = Debug|Win32
		{08971212-57CA-442C-B952-81A81A30B641}.Debug|Mixed Platforms.ActiveCfg = Debug|Win32
		{08971212-57CA-442C-B952-81A81A30B641}.Debug|Mixed Platforms.Build.0 = Debug|Win32
		{08971212-57CA-442C-B952-81A81A30B641}.Debug|Win32.ActiveCfg = Debug|Win32
		{08971212-57CA-442C-B952-81A81A30B641}.Debug|Win32.Build.0 = Debug|Win32
		{08971212-57CA-442C-B952-81A81A30B641}.Debug|x64.ActiveCfg = Debug|Win32
		{08971212-57CA-442C-B952-81A81A30B641}.Release|Any CPU.ActiveCfg = Release|Win32
		{08971212-57CA-442C-B952-81A81A30B641}.Release|Mixed Platforms.ActiveCfg = Release|Win32
		{08971212-57CA-442C-B952-81A81A30B641}.Release|Mixed Platforms.Build.0 = Release|Win32
		{08971212-57CA-442C-B952-81A81A30B641}.Release|Win32.ActiveCfg = Release|Win32
		{08971212-57CA-442C-B952-81A81A30B641}.Release|Win32.Build.0 = Release|Win32
		{08971212-57CA-442C-B952-81A81A30B641}.Release|x64.ActiveCfg = Release|Win32
		{2140F644-C2A6-446B-B5C5-31368CDDB8F2}.Debug|Any CPU.ActiveCfg = Debug|Win32
		{2140F644-C2A6-446B-B5C5-31368CDDB8F2}.Debug|Mixed Platforms.ActiveCfg = Debug|Win32
		{2140F644-C2A6-446B-B5C5-31368CDDB8F2}.Debug|Mixed Platforms.Build.0 = Debug|Win32
		{2140F644-C2A6-446B-B5C5-31368CDDB8F2}.Debug|Win32.ActiveCfg = Debug|Win32
		{2140F644-C2A6-446B-B5C5-31368CDDB8F2}.Debug|Win32.Build.0 = Debug|Win32
		{2140F644-C2A6-446B-B5C5-31368CDDB8F2}.Debug|x64.ActiveCfg = Debug|Win32
		{2140F644-C2A6-446B-B5C5-31368CDDB8F2}.Release|Any CPU.ActiveCfg = Release|Win32
		{2140F644-C2A6-446B-B5C5-31368CDDB8F2}.Release|Mixed Platforms.ActiveCfg = Release|Win32
		{2140F644-C2A6-446B-B5C5-31368CDDB8F2}.Release|Mixed Platforms.Build.0 = Release|Win32
		{2140F644-C2A6-446B-B5C5-31368CDDB8F2}.Release|Win32.ActiveCfg = Release|Win32
		{2140F644-C2A6-446B-B5C5-31368CDDB8F2}.Release|Win32.Build.0 = Release|Win32
		{2140F644-C2A6-446B-B5C5-31368CDDB8F2}.Release|x64.ActiveCfg = Release|Win32
		{09989604-435F-45BE-8B95-BDB9E10445E5}.Debug|Any CPU.ActiveCfg = Debug|Win32
		{09989604-435F-45BE-8B95-BDB9E10445E5}.Debug|Mixed Platforms.ActiveCfg = Debug|Win32
		{09989604-435F-45BE-8B95-BDB9E10445E5}.Debug|Mixed Platforms.Build.0 = Debug|Win32
		{09989604-435F-45BE-8B95-BDB9E10445E5}.Debug|Win32.ActiveCfg = Debug|Win32
		{09989604-435F-45BE-8B95-BDB9E10445E5}.Debug|Win32.Build.0 = Debug|Win32
		{09989604-435F-45BE-8B95-BDB9E10445E5}.Debug|x64.ActiveCfg = Debug|Win32
		{09989604-435F-45BE-8B95-BDB9E10445E5}.Release|Any CPU.ActiveCfg = Release|Win32
		{09989604-435F-45BE-8B95-BDB9E10445E5}.Release|Mixed Platforms.ActiveCfg = Release|Win32
		{09989604-435F-45BE-8B95-BDB9E10445E5}.Release|Mixed Platforms.Build.0 = Release|Win32
		{09989604-435F-45BE-8B95-BDB9E10445E5}.Release|Win32.ActiveCfg = Release|Win32
		{09989604-435F-45BE-8B95-BDB9E10445E5}.Release|Win32.Build.0 = Release|Win32
		{09989604-435F-45BE-8B95-BDB9E10445E5}.Release|x64.ActiveCfg = Release|Win32
		{779F1464-12A5-428A-9DDA-79B51EB93503}.Debug|Any CPU.ActiveCfg = Debug|Win32
		{779F1464-12A5-428A-9DDA-79B51EB93503}.Debug|Mixed Platforms.ActiveCfg = Debug|Win32
		{779F1464-12A5-428A-9DDA-79B51EB93503}.Debug|Mixed Platforms.Build.0 = Debug|Win32
		{779F1464-12A5-428A-9DDA-79B51EB93503}.Debug|Win32.ActiveCfg = Debug|Win32
		{779F1464-12A5-428A-9DDA-79B51EB93503}.Debug|Win32.Build.0 = Debug|Win32
		{779F1464-12A5-428A-9DDA-79B51EB93503}.Debug|x64.ActiveCfg = Debug|Win32
		{779F1464-12A5-428A-9DDA-79B51EB93503}.Release|Any CPU.ActiveCfg = Release|Win32
		{779F1464-12A5-428A-9DDA-79B51EB93503}.Release|Mixed Platforms.ActiveCfg = Release|Win32
		{779F1464-12A5-428A-9DDA-79B51EB93503}.Release|Mixed Platforms.Build.0 = Release|Win32
		{779F1464-12A5-428A-9DDA-79B51EB93503}.Release|Win32.ActiveCfg = Release|Win32
		{779F1464-12A5-428A-9DDA-79B51EB93503}.Release|Win32.Build.0 = Release|Win32
		{779F1464-12A5-428A-9DDA-79B51EB93503}.Release|x64.ActiveCfg = Release|Win32
		{7C14A385-5D13-442E-BDE2-1157B9448F3E}.Debug|Any CPU.ActiveCfg = Debug|Win32
		{7C14A385-5D13-442E-BDE2-1157B9448F3E}.Debug|Mixed Platforms.ActiveCfg = Debug|Win32
		{7C14A385-5D13-442E-BDE2-1157B9448F3E}.Debug|Mixed Platforms.Build.0 = Debug|Win32
		{7C14A385-5D13-442E-BDE2-1157B9448F3E}.Debug|Win32.ActiveCfg = Debug|Win32
		{7C14A385-5D13-442E-BDE2-1157B9448F3E}.Debug|Win32.Build.0 = Debug|Win32
		{7C14A385-5D13-442E-BDE2-1157B9448F3E}.Debug|x64.ActiveCfg = Debug|Win32
		{7C14A385-5D13-442E-BDE2-1157B9448F3E}.Release|Any CPU.ActiveCfg = Release|Win32
		{7C14A385-5D13-442E-BDE2-1157B9448F3E}.Release|Mixed Platforms.ActiveCfg = Release|Win32
		{7C14A385-5D13-442E-BDE2-1157B9448F3E}.Release|Mixed Platforms.Build.0 = Release|Win32
		{7C14A385-5D13-442E-BDE2-1157B9448F3E}.Release|Win32.ActiveCfg = Release|Win32
		{7C14A385-5D13-442E-BDE2-1157B9448F3E}.Release|Win32.Build.0 = Release|Win32
		{7C14A385-5D13-442E-BDE2-1157B9448F3E}.Release|x64.ActiveCfg = Release|Win32
		{CB72D732-0085-45D1-B266-F7EF9AE8C8F5}.Debug|Any CPU.ActiveCfg = Debug|Win32
		{CB72D732-0085-45D1-B266-F7EF9AE8C8F5}.Debug|Mixed Platforms.ActiveCfg = Debug|Win32
		{CB72D732-0085-45D1-B266-F7EF9AE8C8F5}.Debug|Mixed Platforms.Build.0 = Debug|Win32
		{CB72D732-0085-45D1-B266-F7EF9AE8C8F5}.Debug|Win32.ActiveCfg = Debug|Win32
		{CB72D732-0085-45D1-B266-F7EF9AE8C8F5}.Debug|Win32.Build.0 = Debug|Win32
		{CB72D732-0085-45D1-B266-F7EF9AE8C8F5}.Debug|x64.ActiveCfg = Debug|Win32
		{CB72D732-0085-45D1-B266-F7EF9AE8C8F5}.Release|Any CPU.ActiveCfg = Release|Win32
		{CB72D732-0085-45D1-B266-F7EF9AE8C8F5}.Release|Mixed Platforms.ActiveCfg = Release|Win32
		{CB72D732-0085-45D1-B266-F7EF9AE8C8F5}.Release|Mixed Platforms.Build.0 = Release|Win32
		{CB72D732-0085-45D1-B266-F7EF9AE8C8F5}.Release|Win32.ActiveCfg = Release|Win32
		{CB72D732-0085-45D1-B266-F7EF9AE8C8F5}.Release|Win32.Build.0 = Release|Win32
		{CB72D732-0085-45D1-B266-F7EF9AE8C8F5}.Release|x64.ActiveCfg = Release|Win32
		{BD0E62AE-A4CA-4C38-A8F5-F94F29A03AAB}.Debug|Any CPU.ActiveCfg = Debug|Win32
		{BD0E62AE-A4CA-4C38-A8F5-F94F29A03AAB}.Debug|Mixed Platforms.ActiveCfg = Debug|Win32
		{BD0E62AE-A4CA-4C38-A8F5-F94F29A03AAB}.Debug|Mixed Platforms.Build.0 = Debug|Win32
		{BD0E62AE-A4CA-4C38-A8F5-F94F29A03AAB}.Debug|Win32.ActiveCfg = Debug|Win32
		{BD0E62AE-A4CA-4C38-A8F5-F94F29A03AAB}.Debug|Win32.Build.0 = Debug|Win32
		{BD0E62AE-A4CA-4C38-A8F5-F94F29A03AAB}.Debug|x64.ActiveCfg = Debug|Win32
		{BD0E62AE-A4CA-4C38-A8F5-F94F29A03AAB}.Release|Any CPU.ActiveCfg = Release|Win32
		{BD0E62AE-A4CA-4C38-A8F5-F94F29A03AAB}.Release|Mixed Platforms.ActiveCfg = Release|Win32
		{BD0E62AE-A4CA-4C38-A8F5-F94F29A03AAB}.Release|Mixed Platforms.Build.0 = Release|Win32
		{BD0E62AE-A4CA-4C38-A8F5-F94F29A03AAB}.Release|Win32.ActiveCfg = Release|Win32
		{BD0E62AE-A4CA-4C38-A8F5-F94F29A03AAB}.Release|Win32.Build.0 = Release|Win32
		{BD0E62AE-A4CA-4C38-A8F5-F94F29A03AAB}.Release|x64.ActiveCfg = Release|Win32
		{6F7AC9F1-225C-432C-AE20-74B7F9FC7F4D}.Debug|Any CPU.ActiveCfg = Debug|Win32
		{6F7AC9F1-225C-432C-AE20-74B7F9FC7F4D}.Debug|Mixed Platforms.ActiveCfg = Debug|Win32
		{6F7AC9F1-225C-432C-AE20-74B7F9FC7F4D}.Debug|Mixed Platforms.Build.0 = Debug|Win32
		{6F7AC9F1-225C-432C-AE20-74B7F9FC7F4D}.Debug|Win32.ActiveCfg = Debug|Win32
		{6F7AC9F1-225C-432C-AE20-74B7F9FC7F4D}.Debug|Win32.Build.0 = Debug|Win32
		{6F7AC9F1-225C-432C-AE20-74B7F9FC7F4D}.Debug|x64.ActiveCfg = Debug|Win32
		{6F7AC9F1-225C-432C-AE20-74B7F9FC7F4D}.Release|Any CPU.ActiveCfg = Release|Win32
		{6F7AC9F1-225C-432C-AE20-74B7F9FC7F4D}.Release|Mixed Platforms.ActiveCfg = Release|Win32
		{6F7AC9F1-225C-432C-AE20-74B7F9FC7F4D}.Release|Mixed Platforms.Build.0 = Release|Win32
		{6F7AC9F1-225C-432C-AE20-74B7F9FC7F4D}.Release|Win32.ActiveCfg = Release|Win32
		{6F7AC9F1-225C-432C-AE20-74B7F9FC7F4D}.Release|Win32.Build.0 = Release|Win32
		{6F7AC9F1-225C-432C-AE20-74B7F9FC7F4D}.Release|x64.ActiveCfg = Release|Win32
		{9E467A79-91F8-4271-8E32-632F781CDE47}.Debug|Any CPU.ActiveCfg = Debug|Win32
		{9E467A79-91F8-4271-8E32-632F781CDE47}.Debug|Mixed Platforms.ActiveCfg = Debug|Win32
		{9E467A79-91F8-4271-8E32-632F781CDE47}.Debug|Mixed Platforms.Build.0 = Debug|Win32
		{9E467A79-91F8-4271-8E32-632F781CDE47}.Debug|Win32.ActiveCfg = Debug|Win32
		{9E467A79-91F8-4271-8E32-632F781CDE47}.Debug|Win32.Build.0 = Debug|Win32
		{9E467A79-91F8-4271-8E32-632F781CDE47}.Debug|x64.ActiveCfg = Debug|Win32
		{9E467A79-91F8-4271-8E32-632F781CDE47}.Release|Any CPU.ActiveCfg = Release|Win32
		{9E467A79-91F8-4271-8E32-632F781CDE47}.Release|Mixed Platforms.ActiveCfg = Release|Win32
		{9E467A79-91F8-4271-8E32-632F781CDE47}.Release|Mixed Platforms.Build.0 = Release|Win32
		{9E467A79-91F8-4271-8E32-632F781CDE47}.Release|Win32.ActiveCfg = Release|Win32
		{9E467A79-91F8-4271-8E32-632F781CDE47}.Release|Win32.Build.0 = Release|Win32
		{9E467A79-91F8-4271-8E32-632F781CDE47}.Release|x64.ActiveCfg = Release|Win32
		{1481F686-2EEA-465B-B9CF-601F66F54D3B}.Debug|Any CPU.ActiveCfg = Debug|Win32
		{1481F686-2EEA-465B-B9CF-601F66F54D3B}.Debug|Mixed Platforms.ActiveCfg = Debug|Win32
		{1481F686-2EEA-465B-B9CF-601F66F54D3B}.Debug|Mixed Platforms.Build.0 = Debug|Win32
		{1481F686-2EEA-465B-B9CF-601F66F54D3B}.Debug|Win32.ActiveCfg = Debug|Win32
		{1481F686-2EEA-465B-B9CF-601F66F54D3B}.Debug|Win32.Build.0 = Debug|Win32
		{1481F686-2EEA-465B-B9CF-601F66F54D3B}.Debug|x64.ActiveCfg = Debug|Win32
		{1481F686-2EEA-465B-B9CF-601F66F54D3B}.Release|Any CPU.ActiveCfg = Release|Win32
		{1481F686-2EEA-465B-B9CF-601F66F54D3B}.Release|Mixed Platforms.ActiveCfg = Release|Win32
		{1481F686-2EEA-465B-B9CF-601F66F54D3B}.Release|Mixed Platforms.Build.0 = Release|Win32
		{1481F686-2EEA-465B-B9CF-601F66F54D3B}.Release|Win32.ActiveCfg = Release|Win32
		{1481F686-2EEA-465B-B9CF-601F66F54D3B}.Release|Win32.Build.0 = Release|Win32
		{1481F686-2EEA-465B-B9CF-601F66F54D3B}.Release|x64.ActiveCfg = Release|Win32
		{F1A64087-A280-4EF9-AB2B-A62D6924E597}.Debug|Any CPU.ActiveCfg = Debug|Win32
		{F1A64087-A280-4EF9-AB2B-A62D6924E597}.Debug|Mixed Platforms.ActiveCfg = Debug|Win32
		{F1A64087-A280-4EF9-AB2B-A62D6924E597}.Debug|Mixed Platforms.Build.0 = Debug|Win32
		{F1A64087-A280-4EF9-AB2B-A62D6924E597}.Debug|Win32.ActiveCfg = Debug|Win32
		{F1A64087-A280-4EF9-AB2B-A62D6924E597}.Debug|Win32.Build.0 = Debug|Win32
		{F1A64087-A280-4EF9-AB2B-A62D6924E597}.Debug|x64.ActiveCfg = Debug|Win32
		{F1A64087-A280-4EF9-AB2B-A62D6924E597}.Release|Any CPU.ActiveCfg = Release|Win32
		{F1A64087-A280-4EF9-AB2B-A62D6924E597}.Release|Mixed Platforms.ActiveCfg = Release|Win32
		{F1A64087-A280-4EF9-AB2B-A62D6924E597}.Release|Mixed Platforms.Build.0 = Release|Win32
		{F1A64087-A280-4EF9-AB2B-A62D6924E597}.Release|Win32.ActiveCfg = Release|Win32
		{F1A64087-A280-4EF9-AB2B-A62D6924E597}.Release|Win32.Build.0 = Release|Win32
		{F1A64087-A280-4EF9-AB2B-A62D6924E597}.Release|x64.ActiveCfg = Release|Win32
		{552333F0-0507-477D-9439-0FE81C45E2EB}.Debug|Any CPU.ActiveCfg = Debug|Win32
		{552333F0-0507-477D-9439-0FE81C45E2EB}.Debug|Mixed Platforms.ActiveCfg = Debug|Win32
		{552333F0-0507-477D-9439-0FE81C45E2EB}.Debug|Mixed Platforms.Build.0 = Debug|Win32
		{552333F0-0507-477D-9439-0FE81C45E2EB}.Debug|Win32.ActiveCfg = Debug|Win32
		{552333F0-0507-477D-9439-0FE81C45E2EB}.Debug|Win32.Build.0 = Debug|Win32
		{552333F0-0507-477D-9439-0FE81C45E2EB}.Debug|x64.ActiveCfg = Debug|Win32
		{552333F0-0507-477D-9439-0FE81C45E2EB}.Release|Any CPU.ActiveCfg = Release|Win32
		{552333F0-0507-477D-9439-0FE81C45E2EB}.Release|Mixed Platforms.ActiveCfg = Release|Win32
		{552333F0-0507-477D-9439-0FE81C45E2EB}.Release|Mixed Platforms.Build.0 = Release|Win32
		{552333F0-0507-477D-9439-0FE81C45E2EB}.Release|Win32.ActiveCfg = Release|Win32
		{552333F0-0507-477D-9439-0FE81C45E2EB}.Release|Win32.Build.0 = Release|Win32
		{552333F0-0507-477D-9439-0FE81C45E2EB}.Release|x64.ActiveCfg = Release|Win32
		{70AE2716-4CA3-44E0-B86F-FDC38A46DB10}.Debug|Any CPU.ActiveCfg = Debug|Win32
		{70AE2716-4CA3-44E0-B86F-FDC38A46DB10}.Debug|Mixed Platforms.ActiveCfg = Debug|Win32
		{70AE2716-4CA3-44E0-B86F-FDC38A46DB10}.Debug|Mixed Platforms.Build.0 = Debug|Win32
		{70AE2716-4CA3-44E0-B86F-FDC38A46DB10}.Debug|Win32.ActiveCfg = Debug|Win32
		{70AE2716-4CA3-44E0-B86F-FDC38A46DB10}.Debug|Win32.Build.0 = Debug|Win32
		{70AE2716-4CA3-44E0-B86F-FDC38A46DB10}.Debug|x64.ActiveCfg = Debug|Win32
		{70AE2716-4CA3-44E0-B86F-FDC38A46DB10}.Release|Any CPU.ActiveCfg = Release|Win32
		{70AE2716-4CA3-44E0-B86F-FDC38A46DB10}.Release|Mixed Platforms.ActiveCfg = Release|Win32
		{70AE2716-4CA3-44E0-B86F-FDC38A46DB10}.Release|Mixed Platforms.Build.0 = Release|Win32
		{70AE2716-4CA3-44E0-B86F-FDC38A46DB10}.Release|Win32.ActiveCfg = Release|Win32
		{70AE2716-4CA3-44E0-B86F-FDC38A46DB10}.Release|Win32.Build.0 = Release|Win32
		{70AE2716-4CA3-44E0-B86F-FDC38A46DB10}.Release|x64.ActiveCfg = Release|Win32
		{5C16FA76-D2FE-4656-89E8-31C61904C04D}.Debug|Any CPU.ActiveCfg = Debug|Win32
		{5C16FA76-D2FE-4656-89E8-31C61904C04D}.Debug|Mixed Platforms.ActiveCfg = Debug|Win32
		{5C16FA76-D2FE-4656-89E8-31C61904C04D}.Debug|Mixed Platforms.Build.0 = Debug|Win32
		{5C16FA76-D2FE-4656-89E8-31C61904C04D}.Debug|Win32.ActiveCfg = Debug|Win32
		{5C16FA76-D2FE-4656-89E8-31C61904C04D}.Debug|Win32.Build.0 = Debug|Win32
		{5C16FA76-D2FE-4656-89E8-31C61904C04D}.Debug|x64.ActiveCfg = Debug|Win32
		{5C16FA76-D2FE-4656-89E8-31C61904C04D}.Release|Any CPU.ActiveCfg = Release|Win32
		{5C16FA76-D2FE-4656-89E8-31C61904C04D}.Release|Mixed Platforms.ActiveCfg = Release|Win32
		{5C16FA76-D2FE-4656-89E8-31C61904C04D}.Release|Mixed Platforms.Build.0 = Release|Win32
		{5C16FA76-D2FE-4656-89E8-31C61904C04D}.Release|Win32.ActiveCfg = Release|Win32
		{5C16FA76-D2FE-4656-89E8-31C61904C04D}.Release|Win32.Build.0 = Release|Win32
		{5C16FA76-D2FE-4656-89E8-31C61904C04D}.Release|x64.ActiveCfg = Release|Win32
		{1AD4B521-4F25-4476-A8A0-FBD4C94850DF}.Debug|Any CPU.ActiveCfg = Debug|Win32
		{1AD4B521-4F25-4476-A8A0-FBD4C94850DF}.Debug|Mixed Platforms.ActiveCfg = Debug|Win32
		{1AD4B521-4F25-4476-A8A0-FBD4C94850DF}.Debug|Mixed Platforms.Build.0 = Debug|Win32
		{1AD4B521-4F25-4476-A8A0-FBD4C94850DF}.Debug|Win32.ActiveCfg = Debug|Win32
		{1AD4B521-4F25-4476-A8A0-FBD4C94850DF}.Debug|Win32.Build.0 = Debug|Win32
		{1AD4B521-4F25-4476-A8A0-FBD4C94850DF}.Debug|x64.ActiveCfg = Debug|Win32
		{1AD4B521-4F25-4476-A8A0-FBD4C94850DF}.Release|Any CPU.ActiveCfg = Release|Win32
		{1AD4B521-4F25-4476-A8A0-FBD4C94850DF}.Release|Mixed Platforms.ActiveCfg = Release|Win32
		{1AD4B521-4F25-4476-A8A0-FBD4C94850DF}.Release|Mixed Platforms.Build.0 = Release|Win32
		{1AD4B521-4F25-4476-A8A0-FBD4C94850DF}.Release|Win32.ActiveCfg = Release|Win32
		{1AD4B521-4F25-4476-A8A0-FBD4C94850DF}.Release|Win32.Build.0 = Release|Win32
		{1AD4B521-4F25-4476-A8A0-FBD4C94850DF}.Release|x64.ActiveCfg = Release|Win32
		{79C11BFE-AEA7-4147-B6D9-E1C0C243C1E3}.Debug|Any CPU.ActiveCfg = Debug|Win32
		{79C11BFE-AEA7-4147-B6D9-E1C0C243C1E3}.Debug|Mixed Platforms.ActiveCfg = Debug|Win32
		{79C11BFE-AEA7-4147-B6D9-E1C0C243C1E3}.Debug|Mixed Platforms.Build.0 = Debug|Win32
		{79C11BFE-AEA7-4147-B6D9-E1C0C243C1E3}.Debug|Win32.ActiveCfg = Debug|Win32
		{79C11BFE-AEA7-4147-B6D9-E1C0C243C1E3}.Debug|Win32.Build.0 = Debug|Win32
		{79C11BFE-AEA7-4147-B6D9-E1C0C243C1E3}.Debug|x64.ActiveCfg = Debug|Win32
		{79C11BFE-AEA7-4147-B6D9-E1C0C243C1E3}.Release|Any CPU.ActiveCfg = Release|Win32
		{79C11BFE-AEA7-4147-B6D9-E1C0C243C1E3}.Release|Mixed Platforms.ActiveCfg = Release|Win32
		{79C11BFE-AEA7-4147-B6D9-E1C0C243C1E3}.Release|Mixed Platforms.Build.0 = Release|Win32
		{79C11BFE-AEA7-4147-B6D9-E1C0C243C1E3}.Release|Win32.ActiveCfg = Release|Win32
		{79C11BFE-AEA7-4147-B6D9-E1C0C243C1E3}.Release|Win32.Build.0 = Release|Win32
		{79C11BFE-AEA7-4147-B6D9-E1C0C243C1E3}.Release|x64.ActiveCfg = Release|Win32
		{2216A046-CCA4-43A9-A839-B92009779B13}.Debug|Any CPU.ActiveCfg = Debug|Win32
		{2216A046-CCA4-43A9-A839-B92009779B13}.Debug|Mixed Platforms.ActiveCfg = Debug|Win32
		{2216A046-CCA4-43A9-A839-B92009779B13}.Debug|Mixed Platforms.Build.0 = Debug|Win32
		{2216A046-CCA4-43A9-A839-B92009779B13}.Debug|Win32.ActiveCfg = Debug|Win32
		{2216A046-CCA4-43A9-A839-B92009779B13}.Debug|Win32.Build.0 = Debug|Win32
		{2216A046-CCA4-43A9-A839-B92009779B13}.Debug|x64.ActiveCfg = Debug|Win32
		{2216A046-CCA4-43A9-A839-B92009779B13}.Release|Any CPU.ActiveCfg = Release|Win32
		{2216A046-CCA4-43A9-A839-B92009779B13}.Release|Mixed Platforms.ActiveCfg = Release|Win32
		{2216A046-CCA4-43A9-A839-B92009779B13}.Release|Mixed Platforms.Build.0 = Release|Win32
		{2216A046-CCA4-43A9-A839-B92009779B13}.Release|Win32.ActiveCfg = Release|Win32
		{2216A046-CCA4-43A9-A839-B92009779B13}.Release|Win32.Build.0 = Release|Win32
		{2216A046-CCA4-43A9-A839-B92009779B13}.Release|x64.ActiveCfg = Release|Win32
		{9567B66A-9294-48CE-9BD2-3EC96996FAC2}.Debug|Any CPU.ActiveCfg = Debug|Win32
		{9567B66A-9294-48CE-9BD2-3EC96996FAC2}.Debug|Mixed Platforms.ActiveCfg = Debug|Win32
		{9567B66A-9294-48CE-9BD2-3EC96996FAC2}.Debug|Mixed Platforms.Build.0 = Debug|Win32
		{9567B66A-9294-48CE-9BD2-3EC96996FAC2}.Debug|Win32.ActiveCfg = Debug|Win32
		{9567B66A-9294-48CE-9BD2-3EC96996FAC2}.Debug|Win32.Build.0 = Debug|Win32
		{9567B66A-9294-48CE-9BD2-3EC96996FAC2}.Debug|x64.ActiveCfg = Debug|Win32
		{9567B66A-9294-48CE-9BD2-3EC96996FAC2}.Release|Any CPU.ActiveCfg = Release|Win32
		{9567B66A-9294-48CE-9BD2-3EC96996FAC2}.Release|Mixed Platforms.ActiveCfg = Release|Win32
		{9567B66A-9294-48CE-9BD2-3EC96996FAC2}.Release|Mixed Platforms.Build.0 = Release|Win32
		{9567B66A-9294-48CE-9BD2-3EC96996FAC2}.Release|Win32.ActiveCfg = Release|Win32
		{9567B66A-9294-48CE-9BD2-3EC96996FAC2}.Release|Win32.Build.0 = Release|Win32
		{9567B66A-9294-48CE-9BD2-3EC96996FAC2}.Release|x64.ActiveCfg = Release|Win32
		{702F9C56-DB4B-4A6A-B49B-EA9FC75C6F1F}.Debug|Any CPU.ActiveCfg = Debug|Win32
		{702F9C56-DB4B-4A6A-B49B-EA9FC75C6F1F}.Debug|Mixed Platforms.ActiveCfg = Debug|Win32
		{702F9C56-DB4B-4A6A-B49B-EA9FC75C6F1F}.Debug|Mixed Platforms.Build.0 = Debug|Win32
		{702F9C56-DB4B-4A6A-B49B-EA9FC75C6F1F}.Debug|Win32.ActiveCfg = Debug|Win32
		{702F9C56-DB4B-4A6A-B49B-EA9FC75C6F1F}.Debug|Win32.Build.0 = Debug|Win32
		{702F9C56-DB4B-4A6A-B49B-EA9FC75C6F1F}.Debug|x64.ActiveCfg = Debug|Win32
		{702F9C56-DB4B-4A6A-B49B-EA9FC75C6F1F}.Release|Any CPU.ActiveCfg = Release|Win32
		{702F9C56-DB4B-4A6A-B49B-EA9FC75C6F1F}.Release|Mixed Platforms.ActiveCfg = Release|Win32
		{702F9C56-DB4B-4A6A-B49B-EA9FC75C6F1F}.Release|Mixed Platforms.Build.0 = Release|Win32
		{702F9C56-DB4B-4A6A-B49B-EA9FC75C6F1F}.Release|Win32.ActiveCfg = Release|Win32
		{702F9C56-DB4B-4A6A-B49B-EA9FC75C6F1F}.Release|Win32.Build.0 = Release|Win32
		{702F9C56-DB4B-4A6A-B49B-EA9FC75C6F1F}.Release|x64.ActiveCfg = Release|Win32
		{A4C977D8-1704-45B4-8106-2C0897D14D32}.Debug|Any CPU.ActiveCfg = Debug|Win32
		{A4C977D8-1704-45B4-8106-2C0897D14D32}.Debug|Mixed Platforms.ActiveCfg = Debug|Win32
		{A4C977D8-1704-45B4-8106-2C0897D14D32}.Debug|Mixed Platforms.Build.0 = Debug|Win32
		{A4C977D8-1704-45B4-8106-2C0897D14D32}.Debug|Win32.ActiveCfg = Debug|Win32
		{A4C977D8-1704-45B4-8106-2C0897D14D32}.Debug|Win32.Build.0 = Debug|Win32
		{A4C977D8-1704-45B4-8106-2C0897D14D32}.Debug|x64.ActiveCfg = Debug|Win32
		{A4C977D8-1704-45B4-8106-2C0897D14D32}.Release|Any CPU.ActiveCfg = Release|Win32
		{A4C977D8-1704-45B4-8106-2C0897D14D32}.Release|Mixed Platforms.ActiveCfg = Release|Win32
		{A4C977D8-1704-45B4-8106-2C0897D14D32}.Release|Mixed Platforms.Build.0 = Release|Win32
		{A4C977D8-1704-45B4-8106-2C0897D14D32}.Release|Win32.ActiveCfg = Release|Win32
		{A4C977D8-1704-45B4-8106-2C0897D14D32}.Release|Win32.Build.0 = Release|Win32
		{A4C977D8-1704-45B4-8106-2C0897D14D32}.Release|x64.ActiveCfg = Release|Win32
		{37FB11CF-C122-43FE-A1D7-9C8713070FFA}.Debug|Any CPU.ActiveCfg = Debug|Win32
		{37FB11CF-C122-43FE-A1D7-9C8713070FFA}.Debug|Mixed Platforms.ActiveCfg = Debug|Win32
		{37FB11CF-C122-43FE-A1D7-9C8713070FFA}.Debug|Mixed Platforms.Build.0 = Debug|Win32
		{37FB11CF-C122-43FE-A1D7-9C8713070FFA}.Debug|Win32.ActiveCfg = Debug|Win32
		{37FB11CF-C122-43FE-A1D7-9C8713070FFA}.Debug|Win32.Build.0 = Debug|Win32
		{37FB11CF-C122-43FE-A1D7-9C8713070FFA}.Debug|x64.ActiveCfg = Debug|Win32
		{37FB11CF-C122-43FE-A1D7-9C8713070FFA}.Release|Any CPU.ActiveCfg = Release|Win32
		{37FB11CF-C122-43FE-A1D7-9C8713070FFA}.Release|Mixed Platforms.ActiveCfg = Release|Win32
		{37FB11CF-C122-43FE-A1D7-9C8713070FFA}.Release|Mixed Platforms.Build.0 = Release|Win32
		{37FB11CF-C122-43FE-A1D7-9C8713070FFA}.Release|Win32.ActiveCfg = Release|Win32
		{37FB11CF-C122-43FE-A1D7-9C8713070FFA}.Release|Win32.Build.0 = Release|Win32
		{37FB11CF-C122-43FE-A1D7-9C8713070FFA}.Release|x64.ActiveCfg = Release|Win32
		{462A5F9A-DD6F-4BA2-AF62-EBB7FEC3F1FD}.Debug|Any CPU.ActiveCfg = Debug|Win32
		{462A5F9A-DD6F-4BA2-AF62-EBB7FEC3F1FD}.Debug|Mixed Platforms.ActiveCfg = Debug|Win32
		{462A5F9A-DD6F-4BA2-AF62-EBB7FEC3F1FD}.Debug|Mixed Platforms.Build.0 = Debug|Win32
		{462A5F9A-DD6F-4BA2-AF62-EBB7FEC3F1FD}.Debug|Win32.ActiveCfg = Debug|Win32
		{462A5F9A-DD6F-4BA2-AF62-EBB7FEC3F1FD}.Debug|Win32.Build.0 = Debug|Win32
		{462A5F9A-DD6F-4BA2-AF62-EBB7FEC3F1FD}.Debug|x64.ActiveCfg = Debug|Win32
		{462A5F9A-DD6F-4BA2-AF62-EBB7FEC3F1FD}.Release|Any CPU.ActiveCfg = Release|Win32
		{462A5F9A-DD6F-4BA2-AF62-EBB7FEC3F1FD}.Release|Mixed Platforms.ActiveCfg = Release|Win32
		{462A5F9A-DD6F-4BA2-AF62-EBB7FEC3F1FD}.Release|Mixed Platforms.Build.0 = Release|Win32
		{462A5F9A-DD6F-4BA2-AF62-EBB7FEC3F1FD}.Release|Win32.ActiveCfg = Release|Win32
		{462A5F9A-DD6F-4BA2-AF62-EBB7FEC3F1FD}.Release|Win32.Build.0 = Release|Win32
		{462A5F9A-DD6F-4BA2-AF62-EBB7FEC3F1FD}.Release|x64.ActiveCfg = Release|Win32
		{EC782439-49DC-49D9-8667-5DDAD37A6154}.Debug|Any CPU.ActiveCfg = Debug|Win32
		{EC782439-49DC-49D9-8667-5DDAD37A6154}.Debug|Mixed Platforms.ActiveCfg = Debug|Win32
		{EC782439-49DC-49D9-8667-5DDAD37A6154}.Debug|Mixed Platforms.Build.0 = Debug|Win32
		{EC782439-49DC-49D9-8667-5DDAD37A6154}.Debug|Win32.ActiveCfg = Debug|Win32
		{EC782439-49DC-49D9-8667-5DDAD37A6154}.Debug|Win32.Build.0 = Debug|Win32
		{EC782439-49DC-49D9-8667-5DDAD37A6154}.Debug|x64.ActiveCfg = Debug|Win32
		{EC782439-49DC-49D9-8667-5DDAD37A6154}.Release|Any CPU.ActiveCfg = Release|Win32
		{EC782439-49DC-49D9-8667-5DDAD37A6154}.Release|Mixed Platforms.ActiveCfg = Release|Win32
		{EC782439-49DC-49D9-8667-5DDAD37A6154}.Release|Mixed Platforms.Build.0 = Release|Win32
		{EC782439-49DC-49D9-8667-5DDAD37A6154}.Release|Win32.ActiveCfg = Release|Win32
		{EC782439-49DC-49D9-8667-5DDAD37A6154}.Release|Win32.Build.0 = Release|Win32
		{EC782439-49DC-49D9-8667-5DDAD37A6154}.Release|x64.ActiveCfg = Release|Win32
		{A6D58E1A-CFD2-4131-8910-B237527C06F5}.Debug|Any CPU.ActiveCfg = Debug|Win32
		{A6D58E1A-CFD2-4131-8910-B237527C06F5}.Debug|Mixed Platforms.ActiveCfg = Debug|Win32
		{A6D58E1A-CFD2-4131-8910-B237527C06F5}.Debug|Mixed Platforms.Build.0 = Debug|Win32
		{A6D58E1A-CFD2-4131-8910-B237527C06F5}.Debug|Win32.ActiveCfg = Debug|Win32
		{A6D58E1A-CFD2-4131-8910-B237527C06F5}.Debug|Win32.Build.0 = Debug|Win32
		{A6D58E1A-CFD2-4131-8910-B237527C06F5}.Debug|x64.ActiveCfg = Debug|Win32
		{A6D58E1A-CFD2-4131-8910-B237527C06F5}.Release|Any CPU.ActiveCfg = Release|Win32
		{A6D58E1A-CFD2-4131-8910-B237527C06F5}.Release|Mixed Platforms.ActiveCfg = Release|Win32
		{A6D58E1A-CFD2-4131-8910-B237527C06F5}.Release|Mixed Platforms.Build.0 = Release|Win32
		{A6D58E1A-CFD2-4131-8910-B237527C06F5}.Release|Win32.ActiveCfg = Release|Win32
		{A6D58E1A-CFD2-4131-8910-B237527C06F5}.Release|Win32.Build.0 = Release|Win32
		{A6D58E1A-CFD2-4131-8910-B237527C06F5}.Release|x64.ActiveCfg = Release|Win32
		{C1E42BEA-FC3E-4D85-8145-92615D3CE918}.Debug|Any CPU.ActiveCfg = Debug|Win32
		{C1E42BEA-FC3E-4D85-8145-92615D3CE918}.Debug|Mixed Platforms.ActiveCfg = Debug|Win32
		{C1E42BEA-FC3E-4D85-8145-92615D3CE918}.Debug|Mixed Platforms.Build.0 = Debug|Win32
		{C1E42BEA-FC3E-4D85-8145-92615D3CE918}.Debug|Win32.ActiveCfg = Debug|Win32
		{C1E42BEA-FC3E-4D85-8145-92615D3CE918}.Debug|Win32.Build.0 = Debug|Win32
		{C1E42BEA-FC3E-4D85-8145-92615D3CE918}.Debug|x64.ActiveCfg = Debug|Win32
		{C1E42BEA-FC3E-4D85-8145-92615D3CE918}.Release|Any CPU.ActiveCfg = Release|Win32
		{C1E42BEA-FC3E-4D85-8145-92615D3CE918}.Release|Mixed Platforms.ActiveCfg = Release|Win32
		{C1E42BEA-FC3E-4D85-8145-92615D3CE918}.Release|Mixed Platforms.Build.0 = Release|Win32
		{C1E42BEA-FC3E-4D85-8145-92615D3CE918}.Release|Win32.ActiveCfg = Release|Win32
		{C1E42BEA-FC3E-4D85-8145-92615D3CE918}.Release|Win32.Build.0 = Release|Win32
		{C1E42BEA-FC3E-4D85-8145-92615D3CE918}.Release|x64.ActiveCfg = Release|Win32
		{42AC8D95-7F17-4365-A440-74417CC90A2C}.Debug|Any CPU.ActiveCfg = Debug|Win32
		{42AC8D95-7F17-4365-A440-74417CC90A2C}.Debug|Mixed Platforms.ActiveCfg = Debug|Win32
		{42AC8D95-7F17-4365-A440-74417CC90A2C}.Debug|Mixed Platforms.Build.0 = Debug|Win32
		{42AC8D95-7F17-4365-A440-74417CC90A2C}.Debug|Win32.ActiveCfg = Debug|Win32
		{42AC8D95-7F17-4365-A440-74417CC90A2C}.Debug|Win32.Build.0 = Debug|Win32
		{42AC8D95-7F17-4365-A440-74417CC90A2C}.Debug|x64.ActiveCfg = Debug|Win32
		{42AC8D95-7F17-4365-A440-74417CC90A2C}.Release|Any CPU.ActiveCfg = Release|Win32
		{42AC8D95-7F17-4365-A440-74417CC90A2C}.Release|Mixed Platforms.ActiveCfg = Release|Win32
		{42AC8D95-7F17-4365-A440-74417CC90A2C}.Release|Mixed Platforms.Build.0 = Release|Win32
		{42AC8D95-7F17-4365-A440-74417CC90A2C}.Release|Win32.ActiveCfg = Release|Win32
		{42AC8D95-7F17-4365-A440-74417CC90A2C}.Release|Win32.Build.0 = Release|Win32
		{42AC8D95-7F17-4365-A440-74417CC90A2C}.Release|x64.ActiveCfg = Release|Win32
		{AF8AA7A2-53BB-41F1-AE10-8790D795488B}.Debug|Any CPU.ActiveCfg = Debug|Win32
		{AF8AA7A2-53BB-41F1-AE10-8790D795488B}.Debug|Mixed Platforms.ActiveCfg = Debug|Win32
		{AF8AA7A2-53BB-41F1-AE10-8790D795488B}.Debug|Mixed Platforms.Build.0 = Debug|Win32
		{AF8AA7A2-53BB-41F1-AE10-8790D795488B}.Debug|Win32.ActiveCfg = Debug|Win32
		{AF8AA7A2-53BB-41F1-AE10-8790D795488B}.Debug|Win32.Build.0 = Debug|Win32
		{AF8AA7A2-53BB-41F1-AE10-8790D795488B}.Debug|x64.ActiveCfg = Debug|Win32
		{AF8AA7A2-53BB-41F1-AE10-8790D795488B}.Release|Any CPU.ActiveCfg = Release|Win32
		{AF8AA7A2-53BB-41F1-AE10-8790D795488B}.Release|Mixed Platforms.ActiveCfg = Release|Win32
		{AF8AA7A2-53BB-41F1-AE10-8790D795488B}.Release|Mixed Platforms.Build.0 = Release|Win32
		{AF8AA7A2-53BB-41F1-AE10-8790D795488B}.Release|Win32.ActiveCfg = Release|Win32
		{AF8AA7A2-53BB-41F1-AE10-8790D795488B}.Release|Win32.Build.0 = Release|Win32
		{AF8AA7A2-53BB-41F1-AE10-8790D795488B}.Release|x64.ActiveCfg = Release|Win32
		{BED94C19-C957-491F-89B7-984046A7AB16}.Debug|Any CPU.ActiveCfg = Debug|Win32
		{BED94C19-C957-491F-89B7-984046A7AB16}.Debug|Mixed Platforms.ActiveCfg = Debug|Win32
		{BED94C19-C957-491F-89B7-984046A7AB16}.Debug|Mixed Platforms.Build.0 = Debug|Win32
		{BED94C19-C957-491F-89B7-984046A7AB16}.Debug|Win32.ActiveCfg = Debug|Win32
		{BED94C19-C957-491F-89B7-984046A7AB16}.Debug|Win32.Build.0 = Debug|Win32
		{BED94C19-C957-491F-89B7-984046A7AB16}.Debug|x64.ActiveCfg = Debug|Win32
		{BED94C19-C957-491F-89B7-984046A7AB16}.Release|Any CPU.ActiveCfg = Release|Win32
		{BED94C19-C957-491F-89B7-984046A7AB16}.Release|Mixed Platforms.ActiveCfg = Release|Win32
		{BED94C19-C957-491F-89B7-984046A7AB16}.Release|Mixed Platforms.Build.0 = Release|Win32
		{BED94C19-C957-491F-89B7-984046A7AB16}.Release|Win32.ActiveCfg = Release|Win32
		{BED94C19-C957-491F-89B7-984046A7AB16}.Release|Win32.Build.0 = Release|Win32
		{BED94C19-C957-491F-89B7-984046A7AB16}.Release|x64.ActiveCfg = Release|Win32
		{D8A6EC71-B206-48CF-B44C-C9C54A7262C3}.Debug|Any CPU.ActiveCfg = Debug|Win32
		{D8A6EC71-B206-48CF-B44C-C9C54A7262C3}.Debug|Mixed Platforms.ActiveCfg = Debug|Win32
		{D8A6EC71-B206-48CF-B44C-C9C54A7262C3}.Debug|Mixed Platforms.Build.0 = Debug|Win32
		{D8A6EC71-B206-48CF-B44C-C9C54A7262C3}.Debug|Win32.ActiveCfg = Debug|Win32
		{D8A6EC71-B206-48CF-B44C-C9C54A7262C3}.Debug|Win32.Build.0 = Debug|Win32
		{D8A6EC71-B206-48CF-B44C-C9C54A7262C3}.Debug|x64.ActiveCfg = Debug|Win32
		{D8A6EC71-B206-48CF-B44C-C9C54A7262C3}.Release|Any CPU.ActiveCfg = Release|Win32
		{D8A6EC71-B206-48CF-B44C-C9C54A7262C3}.Release|Mixed Platforms.ActiveCfg = Release|Win32
		{D8A6EC71-B206-48CF-B44C-C9C54A7262C3}.Release|Mixed Platforms.Build.0 = Release|Win32
		{D8A6EC71-B206-48CF-B44C-C9C54A7262C3}.Release|Win32.ActiveCfg = Release|Win32
		{D8A6EC71-B206-48CF-B44C-C9C54A7262C3}.Release|Win32.Build.0 = Release|Win32
		{D8A6EC71-B206-48CF-B44C-C9C54A7262C3}.Release|x64.ActiveCfg = Release|Win32
		{705BFF37-1A4E-42C3-811C-52E378A904A7}.Debug|Any CPU.ActiveCfg = Debug|Win32
		{705BFF37-1A4E-42C3-811C-52E378A904A7}.Debug|Mixed Platforms.ActiveCfg = Debug|Win32
		{705BFF37-1A4E-42C3-811C-52E378A904A7}.Debug|Mixed Platforms.Build.0 = Debug|Win32
		{705BFF37-1A4E-42C3-811C-52E378A904A7}.Debug|Win32.ActiveCfg = Debug|Win32
		{705BFF37-1A4E-42C3-811C-52E378A904A7}.Debug|Win32.Build.0 = Debug|Win32
		{705BFF37-1A4E-42C3-811C-52E378A904A7}.Debug|x64.ActiveCfg = Debug|Win32
		{705BFF37-1A4E-42C3-811C-52E378A904A7}.Release|Any CPU.ActiveCfg = Release|Win32
		{705BFF37-1A4E-42C3-811C-52E378A904A7}.Release|Mixed Platforms.ActiveCfg = Release|Win32
		{705BFF37-1A4E-42C3-811C-52E378A904A7}.Release|Mixed Platforms.Build.0 = Release|Win32
		{705BFF37-1A4E-42C3-811C-52E378A904A7}.Release|Win32.ActiveCfg = Release|Win32
		{705BFF37-1A4E-42C3-811C-52E378A904A7}.Release|Win32.Build.0 = Release|Win32
		{705BFF37-1A4E-42C3-811C-52E378A904A7}.Release|x64.ActiveCfg = Release|Win32
		{7B135F08-7917-4F12-97CF-3C8E4E40A9E1}.Debug|Any CPU.ActiveCfg = Debug|Win32
		{7B135F08-7917-4F12-97CF-3C8E4E40A9E1}.Debug|Mixed Platforms.ActiveCfg = Debug|Win32
		{7B135F08-7917-4F12-97CF-3C8E4E40A9E1}.Debug|Mixed Platforms.Build.0 = Debug|Win32
		{7B135F08-7917-4F12-97CF-3C8E4E40A9E1}.Debug|Win32.ActiveCfg = Debug|Win32
		{7B135F08-7917-4F12-97CF-3C8E4E40A9E1}.Debug|Win32.Build.0 = Debug|Win32
		{7B135F08-7917-4F12-97CF-3C8E4E40A9E1}.Debug|x64.ActiveCfg = Debug|Win32
		{7B135F08-7917-4F12-97CF-3C8E4E40A9E1}.Release|Any CPU.ActiveCfg = Release|Win32
		{7B135F08-7917-4F12-97CF-3C8E4E40A9E1}.Release|Mixed Platforms.ActiveCfg = Release|Win32
		{7B135F08-7917-4F12-97CF-3C8E4E40A9E1}.Release|Mixed Platforms.Build.0 = Release|Win32
		{7B135F08-7917-4F12-97CF-3C8E4E40A9E1}.Release|Win32.ActiveCfg = Release|Win32
		{7B135F08-7917-4F12-97CF-3C8E4E40A9E1}.Release|Win32.Build.0 = Release|Win32
		{7B135F08-7917-4F12-97CF-3C8E4E40A9E1}.Release|x64.ActiveCfg = Release|Win32
		{ADAE9ABB-411B-4561-A86B-D7EBDE625493}.Debug|Any CPU.ActiveCfg = Debug|Win32
		{ADAE9ABB-411B-4561-A86B-D7EBDE625493}.Debug|Mixed Platforms.ActiveCfg = Debug|Win32
		{ADAE9ABB-411B-4561-A86B-D7EBDE625493}.Debug|Mixed Platforms.Build.0 = Debug|Win32
		{ADAE9ABB-411B-4561-A86B-D7EBDE625493}.Debug|Win32.ActiveCfg = Debug|Win32
		{ADAE9ABB-411B-4561-A86B-D7EBDE625493}.Debug|Win32.Build.0 = Debug|Win32
		{ADAE9ABB-411B-4561-A86B-D7EBDE625493}.Debug|x64.ActiveCfg = Debug|Win32
		{ADAE9ABB-411B-4561-A86B-D7EBDE625493}.Release|Any CPU.ActiveCfg = Release|Win32
		{ADAE9ABB-411B-4561-A86B-D7EBDE625493}.Release|Mixed Platforms.ActiveCfg = Release|Win32
		{ADAE9ABB-411B-4561-A86B-D7EBDE625493}.Release|Mixed Platforms.Build.0 = Release|Win32
		{ADAE9ABB-411B-4561-A86B-D7EBDE625493}.Release|Win32.ActiveCfg = Release|Win32
		{ADAE9ABB-411B-4561-A86B-D7EBDE625493}.Release|Win32.Build.0 = Release|Win32
		{ADAE9ABB-411B-4561-A86B-D7EBDE625493}.Release|x64.ActiveCfg = Release|Win32
		{4B960FD5-9006-42D1-8082-95ADA893A914}.Debug|Any CPU.ActiveCfg = Debug|Win32
		{4B960FD5-9006-42D1-8082-95ADA893A914}.Debug|Mixed Platforms.ActiveCfg = Debug|Win32
		{4B960FD5-9006-42D1-8082-95ADA893A914}.Debug|Mixed Platforms.Build.0 = Debug|Win32
		{4B960FD5-9006-42D1-8082-95ADA893A914}.Debug|Win32.ActiveCfg = Debug|Win32
		{4B960FD5-9006-42D1-8082-95ADA893A914}.Debug|Win32.Build.0 = Debug|Win32
		{4B960FD5-9006-42D1-8082-95ADA893A914}.Debug|x64.ActiveCfg = Debug|Win32
		{4B960FD5-9006-42D1-8082-95ADA893A914}.Release|Any CPU.ActiveCfg = Release|Win32
		{4B960FD5-9006-42D1-8082-95ADA893A914}.Release|Mixed Platforms.ActiveCfg = Release|Win32
		{4B960FD5-9006-42D1-8082-95ADA893A914}.Release|Mixed Platforms.Build.0 = Release|Win32
		{4B960FD5-9006-42D1-8082-95ADA893A914}.Release|Win32.ActiveCfg = Release|Win32
		{4B960FD5-9006-42D1-8082-95ADA893A914}.Release|Win32.Build.0 = Release|Win32
		{4B960FD5-9006-42D1-8082-95ADA893A914}.Release|x64.ActiveCfg = Release|Win32
		{67589499-7C22-4647-8ADC-747F8FC1901A}.Debug|Any CPU.ActiveCfg = Debug|Win32
		{67589499-7C22-4647-8ADC-747F8FC1901A}.Debug|Mixed Platforms.ActiveCfg = Debug|Win32
		{67589499-7C22-4647-8ADC-747F8FC1901A}.Debug|Mixed Platforms.Build.0 = Debug|Win32
		{67589499-7C22-4647-8ADC-747F8FC1901A}.Debug|Win32.ActiveCfg = Debug|Win32
		{67589499-7C22-4647-8ADC-747F8FC1901A}.Debug|Win32.Build.0 = Debug|Win32
		{67589499-7C22-4647-8ADC-747F8FC1901A}.Debug|x64.ActiveCfg = Debug|Win32
		{67589499-7C22-4647-8ADC-747F8FC1901A}.Release|Any CPU.ActiveCfg = Release|Win32
		{67589499-7C22-4647-8ADC-747F8FC1901A}.Release|Mixed Platforms.ActiveCfg = Release|Win32
		{67589499-7C22-4647-8ADC-747F8FC1901A}.Release|Mixed Platforms.Build.0 = Release|Win32
		{67589499-7C22-4647-8ADC-747F8FC1901A}.Release|Win32.ActiveCfg = Release|Win32
		{67589499-7C22-4647-8ADC-747F8FC1901A}.Release|Win32.Build.0 = Release|Win32
		{67589499-7C22-4647-8ADC-747F8FC1901A}.Release|x64.ActiveCfg = Release|Win32
		{D546B960-268C-4A0A-A769-E893EF43703A}.Debug|Any CPU.ActiveCfg = Debug|Win32
		{D546B960-268C-4A0A-A769-E893EF43703A}.Debug|Mixed Platforms.ActiveCfg = Debug|Win32
		{D546B960-268C-4A0A-A769-E893EF43703A}.Debug|Mixed Platforms.Build.0 = Debug|Win32
		{D546B960-268C-4A0A-A769-E893EF43703A}.Debug|Win32.ActiveCfg = Debug|Win32
		{D546B960-268C-4A0A-A769-E893EF43703A}.Debug|Win32.Build.0 = Debug|Win32
		{D546B960-268C-4A0A-A769-E893EF43703A}.Debug|x64.ActiveCfg = Debug|Win32
		{D546B960-268C-4A0A-A769-E893EF43703A}.Release|Any CPU.ActiveCfg = Release|Win32
		{D546B960-268C-4A0A-A769-E893EF43703A}.Release|Mixed Platforms.ActiveCfg = Release|Win32
		{D546B960-268C-4A0A-A769-E893EF43703A}.Release|Mixed Platforms.Build.0 = Release|Win32
		{D546B960-268C-4A0A-A769-E893EF43703A}.Release|Win32.ActiveCfg = Release|Win32
		{D546B960-268C-4A0A-A769-E893EF43703A}.Release|Win32.Build.0 = Release|Win32
		{D546B960-268C-4A0A-A769-E893EF43703A}.Release|x64.ActiveCfg = Release|Win32
		{CBFD6F0C-5355-4BA8-8FA7-5F30FF746D92}.Debug|Any CPU.ActiveCfg = Debug|Win32
		{CBFD6F0C-5355-4BA8-8FA7-5F30FF746D92}.Debug|Mixed Platforms.ActiveCfg = Debug|Win32
		{CBFD6F0C-5355-4BA8-8FA7-5F30FF746D92}.Debug|Mixed Platforms.Build.0 = Debug|Win32
		{CBFD6F0C-5355-4BA8-8FA7-5F30FF746D92}.Debug|Win32.ActiveCfg = Debug|Win32
		{CBFD6F0C-5355-4BA8-8FA7-5F30FF746D92}.Debug|Win32.Build.0 = Debug|Win32
		{CBFD6F0C-5355-4BA8-8FA7-5F30FF746D92}.Debug|x64.ActiveCfg = Debug|Win32
		{CBFD6F0C-5355-4BA8-8FA7-5F30FF746D92}.Release|Any CPU.ActiveCfg = Release|Win32
		{CBFD6F0C-5355-4BA8-8FA7-5F30FF746D92}.Release|Mixed Platforms.ActiveCfg = Release|Win32
		{CBFD6F0C-5355-4BA8-8FA7-5F30FF746D92}.Release|Mixed Platforms.Build.0 = Release|Win32
		{CBFD6F0C-5355-4BA8-8FA7-5F30FF746D92}.Release|Win32.ActiveCfg = Release|Win32
		{CBFD6F0C-5355-4BA8-8FA7-5F30FF746D92}.Release|Win32.Build.0 = Release|Win32
		{CBFD6F0C-5355-4BA8-8FA7-5F30FF746D92}.Release|x64.ActiveCfg = Release|Win32
		{DA522393-FC2C-4A18-AB9C-1F1280468E06}.Debug|Any CPU.ActiveCfg = Debug|Win32
		{DA522393-FC2C-4A18-AB9C-1F1280468E06}.Debug|Mixed Platforms.ActiveCfg = Debug|Win32
		{DA522393-FC2C-4A18-AB9C-1F1280468E06}.Debug|Mixed Platforms.Build.0 = Debug|Win32
		{DA522393-FC2C-4A18-AB9C-1F1280468E06}.Debug|Win32.ActiveCfg = Debug|Win32
		{DA522393-FC2C-4A18-AB9C-1F1280468E06}.Debug|Win32.Build.0 = Debug|Win32
		{DA522393-FC2C-4A18-AB9C-1F1280468E06}.Debug|x64.ActiveCfg = Debug|Win32
		{DA522393-FC2C-4A18-AB9C-1F1280468E06}.Release|Any CPU.ActiveCfg = Release|Win32
		{DA522393-FC2C-4A18-AB9C-1F1280468E06}.Release|Mixed Platforms.ActiveCfg = Release|Win32
		{DA522393-FC2C-4A18-AB9C-1F1280468E06}.Release|Mixed Platforms.Build.0 = Release|Win32
		{DA522393-FC2C-4A18-AB9C-1F1280468E06}.Release|Win32.ActiveCfg = Release|Win32
		{DA522393-FC2C-4A18-AB9C-1F1280468E06}.Release|Win32.Build.0 = Release|Win32
		{DA522393-FC2C-4A18-AB9C-1F1280468E06}.Release|x64.ActiveCfg = Release|Win32
		{E4740F71-9C66-44B7-A212-90BC4A632349}.Debug|Any CPU.ActiveCfg = Debug|Win32
		{E4740F71-9C66-44B7-A212-90BC4A632349}.Debug|Mixed Platforms.ActiveCfg = Debug|Win32
		{E4740F71-9C66-44B7-A212-90BC4A632349}.Debug|Mixed Platforms.Build.0 = Debug|Win32
		{E4740F71-9C66-44B7-A212-90BC4A632349}.Debug|Win32.ActiveCfg = Debug|Win32
		{E4740F71-9C66-44B7-A212-90BC4A632349}.Debug|Win32.Build.0 = Debug|Win32
		{E4740F71-9C66-44B7-A212-90BC4A632349}.Debug|x64.ActiveCfg = Debug|Win32
		{E4740F71-9C66-44B7-A212-90BC4A632349}.Release|Any CPU.ActiveCfg = Release|Win32
		{E4740F71-9C66-44B7-A212-90BC4A632349}.Release|Mixed Platforms.ActiveCfg = Release|Win32
		{E4740F71-9C66-44B7-A212-90BC4A632349}.Release|Mixed Platforms.Build.0 = Release|Win32
		{E4740F71-9C66-44B7-A212-90BC4A632349}.Release|Win32.ActiveCfg = Release|Win32
		{E4740F71-9C66-44B7-A212-90BC4A632349}.Release|Win32.Build.0 = Release|Win32
		{E4740F71-9C66-44B7-A212-90BC4A632349}.Release|x64.ActiveCfg = Release|Win32
		{91E70501-7621-4037-9B9A-D70028AE9FFD}.Debug|Any CPU.ActiveCfg = Debug|Win32
		{91E70501-7621-4037-9B9A-D70028AE9FFD}.Debug|Mixed Platforms.ActiveCfg = Debug|Win32
		{91E70501-7621-4037-9B9A-D70028AE9FFD}.Debug|Mixed Platforms.Build.0 = Debug|Win32
		{91E70501-7621-4037-9B9A-D70028AE9FFD}.Debug|Win32.ActiveCfg = Debug|Win32
		{91E70501-7621-4037-9B9A-D70028AE9FFD}.Debug|Win32.Build.0 = Debug|Win32
		{91E70501-7621-4037-9B9A-D70028AE9FFD}.Debug|x64.ActiveCfg = Debug|Win32
		{91E70501-7621-4037-9B9A-D70028AE9FFD}.Release|Any CPU.ActiveCfg = Release|Win32
		{91E70501-7621-4037-9B9A-D70028AE9FFD}.Release|Mixed Platforms.ActiveCfg = Release|Win32
		{91E70501-7621-4037-9B9A-D70028AE9FFD}.Release|Mixed Platforms.Build.0 = Release|Win32
		{91E70501-7621-4037-9B9A-D70028AE9FFD}.Release|Win32.ActiveCfg = Release|Win32
		{91E70501-7621-4037-9B9A-D70028AE9FFD}.Release|Win32.Build.0 = Release|Win32
		{91E70501-7621-4037-9B9A-D70028AE9FFD}.Release|x64.ActiveCfg = Release|Win32
		{BDB7C3DB-C952-4DE0-83A9-8E2F6445D45C}.Debug|Any CPU.ActiveCfg = Debug|Win32
		{BDB7C3DB-C952-4DE0-83A9-8E2F6445D45C}.Debug|Mixed Platforms.ActiveCfg = Debug|Win32
		{BDB7C3DB-C952-4DE0-83A9-8E2F6445D45C}.Debug|Mixed Platforms.Build.0 = Debug|Win32
		{BDB7C3DB-C952-4DE0-83A9-8E2F6445D45C}.Debug|Win32.ActiveCfg = Debug|Win32
		{BDB7C3DB-C952-4DE0-83A9-8E2F6445D45C}.Debug|Win32.Build.0 = Debug|Win32
		{BDB7C3DB-C952-4DE0-83A9-8E2F6445D45C}.Debug|x64.ActiveCfg = Debug|Win32
		{BDB7C3DB-C952-4DE0-83A9-8E2F6445D45C}.Release|Any CPU.ActiveCfg = Release|Win32
		{BDB7C3DB-C952-4DE0-83A9-8E2F6445D45C}.Release|Mixed Platforms.ActiveCfg = Release|Win32
		{BDB7C3DB-C952-4DE0-83A9-8E2F6445D45C}.Release|Mixed Platforms.Build.0 = Release|Win32
		{BDB7C3DB-C952-4DE0-83A9-8E2F6445D45C}.Release|Win32.ActiveCfg = Release|Win32
		{BDB7C3DB-C952-4DE0-83A9-8E2F6445D45C}.Release|Win32.Build.0 = Release|Win32
		{BDB7C3DB-C952-4DE0-83A9-8E2F6445D45C}.Release|x64.ActiveCfg = Release|Win32
		{196A40FB-186F-44C1-AE19-373A7668A650}.Debug|Any CPU.ActiveCfg = Debug|Win32
		{196A40FB-186F-44C1-AE19-373A7668A650}.Debug|Mixed Platforms.ActiveCfg = Debug|Win32
		{196A40FB-186F-44C1-AE19-373A7668A650}.Debug|Mixed Platforms.Build.0 = Debug|Win32
		{196A40FB-186F-44C1-AE19-373A7668A650}.Debug|Win32.ActiveCfg = Debug|Win32
		{196A40FB-186F-44C1-AE19-373A7668A650}.Debug|Win32.Build.0 = Debug|Win32
		{196A40FB-186F-44C1-AE19-373A7668A650}.Debug|x64.ActiveCfg = Debug|Win32
		{196A40FB-186F-44C1-AE19-373A7668A650}.Release|Any CPU.ActiveCfg = Release|Win32
		{196A40FB-186F-44C1-AE19-373A7668A650}.Release|Mixed Platforms.ActiveCfg = Release|Win32
		{196A40FB-186F-44C1-AE19-373A7668A650}.Release|Mixed Platforms.Build.0 = Release|Win32
		{196A40FB-186F-44C1-AE19-373A7668A650}.Release|Win32.ActiveCfg = Release|Win32
		{196A40FB-186F-44C1-AE19-373A7668A650}.Release|Win32.Build.0 = Release|Win32
		{196A40FB-186F-44C1-AE19-373A7668A650}.Release|x64.ActiveCfg = Release|Win32
		{7E606EE9-B43F-4563-91D9-7484EBC58762}.Debug|Any CPU.ActiveCfg = Debug|Win32
		{7E606EE9-B43F-4563-91D9-7484EBC58762}.Debug|Mixed Platforms.ActiveCfg = Debug|Win32
		{7E606EE9-B43F-4563-91D9-7484EBC58762}.Debug|Mixed Platforms.Build.0 = Debug|Win32
		{7E606EE9-B43F-4563-91D9-7484EBC58762}.Debug|Win32.ActiveCfg = Debug|Win32
		{7E606EE9-B43F-4563-91D9-7484EBC58762}.Debug|Win32.Build.0 = Debug|Win32
		{7E606EE9-B43F-4563-91D9-7484EBC58762}.Debug|x64.ActiveCfg = Debug|Win32
		{7E606EE9-B43F-4563-91D9-7484EBC58762}.Release|Any CPU.ActiveCfg = Release|Win32
		{7E606EE9-B43F-4563-91D9-7484EBC58762}.Release|Mixed Platforms.ActiveCfg = Release|Win32
		{7E606EE9-B43F-4563-91D9-7484EBC58762}.Release|Mixed Platforms.Build.0 = Release|Win32
		{7E606EE9-B43F-4563-91D9-7484EBC58762}.Release|Win32.ActiveCfg = Release|Win32
		{7E606EE9-B43F-4563-91D9-7484EBC58762}.Release|Win32.Build.0 = Release|Win32
		{7E606EE9-B43F-4563-91D9-7484EBC58762}.Release|x64.ActiveCfg = Release|Win32
		{DF3A8AEE-30ED-40F6-8B50-A36D0AA6959D}.Debug|Any CPU.ActiveCfg = Debug|Win32
		{DF3A8AEE-30ED-40F6-8B50-A36D0AA6959D}.Debug|Mixed Platforms.ActiveCfg = Debug|Win32
		{DF3A8AEE-30ED-40F6-8B50-A36D0AA6959D}.Debug|Mixed Platforms.Build.0 = Debug|Win32
		{DF3A8AEE-30ED-40F6-8B50-A36D0AA6959D}.Debug|Win32.ActiveCfg = Debug|Win32
		{DF3A8AEE-30ED-40F6-8B50-A36D0AA6959D}.Debug|Win32.Build.0 = Debug|Win32
		{DF3A8AEE-30ED-40F6-8B50-A36D0AA6959D}.Debug|x64.ActiveCfg = Debug|Win32
		{DF3A8AEE-30ED-40F6-8B50-A36D0AA6959D}.Release|Any CPU.ActiveCfg = Release|Win32
		{DF3A8AEE-30ED-40F6-8B50-A36D0AA6959D}.Release|Mixed Platforms.ActiveCfg = Release|Win32
		{DF3A8AEE-30ED-40F6-8B50-A36D0AA6959D}.Release|Mixed Platforms.Build.0 = Release|Win32
		{DF3A8AEE-30ED-40F6-8B50-A36D0AA6959D}.Release|Win32.ActiveCfg = Release|Win32
		{DF3A8AEE-30ED-40F6-8B50-A36D0AA6959D}.Release|Win32.Build.0 = Release|Win32
		{DF3A8AEE-30ED-40F6-8B50-A36D0AA6959D}.Release|x64.ActiveCfg = Release|Win32
		{1AF40F2B-B129-435E-91B0-D0CF589E9767}.Debug|Any CPU.ActiveCfg = Debug|Win32
		{1AF40F2B-B129-435E-91B0-D0CF589E9767}.Debug|Mixed Platforms.ActiveCfg = Debug|Win32
		{1AF40F2B-B129-435E-91B0-D0CF589E9767}.Debug|Mixed Platforms.Build.0 = Debug|Win32
		{1AF40F2B-B129-435E-91B0-D0CF589E9767}.Debug|Win32.ActiveCfg = Debug|Win32
		{1AF40F2B-B129-435E-91B0-D0CF589E9767}.Debug|Win32.Build.0 = Debug|Win32
		{1AF40F2B-B129-435E-91B0-D0CF589E9767}.Debug|x64.ActiveCfg = Debug|Win32
		{1AF40F2B-B129-435E-91B0-D0CF589E9767}.Release|Any CPU.ActiveCfg = Release|Win32
		{1AF40F2B-B129-435E-91B0-D0CF589E9767}.Release|Mixed Platforms.ActiveCfg = Release|Win32
		{1AF40F2B-B129-435E-91B0-D0CF589E9767}.Release|Mixed Platforms.Build.0 = Release|Win32
		{1AF40F2B-B129-435E-91B0-D0CF589E9767}.Release|Win32.ActiveCfg = Release|Win32
		{1AF40F2B-B129-435E-91B0-D0CF589E9767}.Release|Win32.Build.0 = Release|Win32
		{1AF40F2B-B129-435E-91B0-D0CF589E9767}.Release|x64.ActiveCfg = Release|Win32
		{1E740B38-EE7A-4C2A-998A-42813A7C9FE9}.Debug|Any CPU.ActiveCfg = Debug|Win32
		{1E740B38-EE7A-4C2A-998A-42813A7C9FE9}.Debug|Mixed Platforms.ActiveCfg = Debug|Win32
		{1E740B38-EE7A-4C2A-998A-42813A7C9FE9}.Debug|Mixed Platforms.Build.0 = Debug|Win32
		{1E740B38-EE7A-4C2A-998A-42813A7C9FE9}.Debug|Win32.ActiveCfg = Debug|Win32
		{1E740B38-EE7A-4C2A-998A-42813A7C9FE9}.Debug|Win32.Build.0 = Debug|Win32
		{1E740B38-EE7A-4C2A-998A-42813A7C9FE9}.Debug|x64.ActiveCfg = Debug|Win32
		{1E740B38-EE7A-4C2A-998A-42813A7C9FE9}.Release|Any CPU.ActiveCfg = Release|Win32
		{1E740B38-EE7A-4C2A-998A-42813A7C9FE9}.Release|Mixed Platforms.ActiveCfg = Release|Win32
		{1E740B38-EE7A-4C2A-998A-42813A7C9FE9}.Release|Mixed Platforms.Build.0 = Release|Win32
		{1E740B38-EE7A-4C2A-998A-42813A7C9FE9}.Release|Win32.ActiveCfg = Release|Win32
		{1E740B38-EE7A-4C2A-998A-42813A7C9FE9}.Release|Win32.Build.0 = Release|Win32
		{1E740B38-EE7A-4C2A-998A-42813A7C9FE9}.Release|x64.ActiveCfg = Release|Win32
		{C2130C45-F974-4103-A7B5-635EE9479685}.Debug|Any CPU.ActiveCfg = Debug|Win32
		{C2130C45-F974-4103-A7B5-635EE9479685}.Debug|Mixed Platforms.ActiveCfg = Debug|Win32
		{C2130C45-F974-4103-A7B5-635EE9479685}.Debug|Mixed Platforms.Build.0 = Debug|Win32
		{C2130C45-F974-4103-A7B5-635EE9479685}.Debug|Win32.ActiveCfg = Debug|Win32
		{C2130C45-F974-4103-A7B5-635EE9479685}.Debug|Win32.Build.0 = Debug|Win32
		{C2130C45-F974-4103-A7B5-635EE9479685}.Debug|x64.ActiveCfg = Debug|Win32
		{C2130C45-F974-4103-A7B5-635EE9479685}.Release|Any CPU.ActiveCfg = Release|Win32
		{C2130C45-F974-4103-A7B5-635EE9479685}.Release|Mixed Platforms.ActiveCfg = Release|Win32
		{C2130C45-F974-4103-A7B5-635EE9479685}.Release|Mixed Platforms.Build.0 = Release|Win32
		{C2130C45-F974-4103-A7B5-635EE9479685}.Release|Win32.ActiveCfg = Release|Win32
		{C2130C45-F974-4103-A7B5-635EE9479685}.Release|Win32.Build.0 = Release|Win32
		{C2130C45-F974-4103-A7B5-635EE9479685}.Release|x64.ActiveCfg = Release|Win32
		{DFD2045C-DA14-4695-80FD-C676892D4B0D}.Debug|Any CPU.ActiveCfg = Debug|Win32
		{DFD2045C-DA14-4695-80FD-C676892D4B0D}.Debug|Mixed Platforms.ActiveCfg = Debug|Win32
		{DFD2045C-DA14-4695-80FD-C676892D4B0D}.Debug|Mixed Platforms.Build.0 = Debug|Win32
		{DFD2045C-DA14-4695-80FD-C676892D4B0D}.Debug|Win32.ActiveCfg = Debug|Win32
		{DFD2045C-DA14-4695-80FD-C676892D4B0D}.Debug|Win32.Build.0 = Debug|Win32
		{DFD2045C-DA14-4695-80FD-C676892D4B0D}.Debug|x64.ActiveCfg = Debug|Win32
		{DFD2045C-DA14-4695-80FD-C676892D4B0D}.Release|Any CPU.ActiveCfg = Release|Win32
		{DFD2045C-DA14-4695-80FD-C676892D4B0D}.Release|Mixed Platforms.ActiveCfg = Release|Win32
		{DFD2045C-DA14-4695-80FD-C676892D4B0D}.Release|Mixed Platforms.Build.0 = Release|Win32
		{DFD2045C-DA14-4695-80FD-C676892D4B0D}.Release|Win32.ActiveCfg = Release|Win32
		{DFD2045C-DA14-4695-80FD-C676892D4B0D}.Release|Win32.Build.0 = Release|Win32
		{DFD2045C-DA14-4695-80FD-C676892D4B0D}.Release|x64.ActiveCfg = Release|Win32
		{69B850EC-5821-4530-8795-1F25B7621674}.Debug|Any CPU.ActiveCfg = Debug|Win32
		{69B850EC-5821-4530-8795-1F25B7621674}.Debug|Mixed Platforms.ActiveCfg = Debug|Win32
		{69B850EC-5821-4530-8795-1F25B7621674}.Debug|Mixed Platforms.Build.0 = Debug|Win32
		{69B850EC-5821-4530-8795-1F25B7621674}.Debug|Win32.ActiveCfg = Debug|Win32
		{69B850EC-5821-4530-8795-1F25B7621674}.Debug|Win32.Build.0 = Debug|Win32
		{69B850EC-5821-4530-8795-1F25B7621674}.Debug|x64.ActiveCfg = Debug|Win32
		{69B850EC-5821-4530-8795-1F25B7621674}.Release|Any CPU.ActiveCfg = Release|Win32
		{69B850EC-5821-4530-8795-1F25B7621674}.Release|Mixed Platforms.ActiveCfg = Release|Win32
		{69B850EC-5821-4530-8795-1F25B7621674}.Release|Mixed Platforms.Build.0 = Release|Win32
		{69B850EC-5821-4530-8795-1F25B7621674}.Release|Win32.ActiveCfg = Release|Win32
		{69B850EC-5821-4530-8795-1F25B7621674}.Release|Win32.Build.0 = Release|Win32
		{69B850EC-5821-4530-8795-1F25B7621674}.Release|x64.ActiveCfg = Release|Win32
		{30D23009-7523-48A1-8F11-3A6392AC6046}.Debug|Any CPU.ActiveCfg = Debug|Win32
		{30D23009-7523-48A1-8F11-3A6392AC6046}.Debug|Mixed Platforms.ActiveCfg = Debug|Win32
		{30D23009-7523-48A1-8F11-3A6392AC6046}.Debug|Mixed Platforms.Build.0 = Debug|Win32
		{30D23009-7523-48A1-8F11-3A6392AC6046}.Debug|Win32.ActiveCfg = Debug|Win32
		{30D23009-7523-48A1-8F11-3A6392AC6046}.Debug|Win32.Build.0 = Debug|Win32
		{30D23009-7523-48A1-8F11-3A6392AC6046}.Debug|x64.ActiveCfg = Debug|Win32
		{30D23009-7523-48A1-8F11-3A6392AC6046}.Release|Any CPU.ActiveCfg = Release|Win32
		{30D23009-7523-48A1-8F11-3A6392AC6046}.Release|Mixed Platforms.ActiveCfg = Release|Win32
		{30D23009-7523-48A1-8F11-3A6392AC6046}.Release|Mixed Platforms.Build.0 = Release|Win32
		{30D23009-7523-48A1-8F11-3A6392AC6046}.Release|Win32.ActiveCfg = Release|Win32
		{30D23009-7523-48A1-8F11-3A6392AC6046}.Release|Win32.Build.0 = Release|Win32
		{30D23009-7523-48A1-8F11-3A6392AC6046}.Release|x64.ActiveCfg = Release|Win32
		{8148E616-482C-4459-88FB-1BDBEFCE59CD}.Debug|Any CPU.ActiveCfg = Debug|Win32
		{8148E616-482C-4459-88FB-1BDBEFCE59CD}.Debug|Mixed Platforms.ActiveCfg = Debug|Win32
		{8148E616-482C-4459-88FB-1BDBEFCE59CD}.Debug|Mixed Platforms.Build.0 = Debug|Win32
		{8148E616-482C-4459-88FB-1BDBEFCE59CD}.Debug|Win32.ActiveCfg = Debug|Win32
		{8148E616-482C-4459-88FB-1BDBEFCE59CD}.Debug|Win32.Build.0 = Debug|Win32
		{8148E616-482C-4459-88FB-1BDBEFCE59CD}.Debug|x64.ActiveCfg = Debug|Win32
		{8148E616-482C-4459-88FB-1BDBEFCE59CD}.Release|Any CPU.ActiveCfg = Release|Win32
		{8148E616-482C-4459-88FB-1BDBEFCE59CD}.Release|Mixed Platforms.ActiveCfg = Release|Win32
		{8148E616-482C-4459-88FB-1BDBEFCE59CD}.Release|Mixed Platforms.Build.0 = Release|Win32
		{8148E616-482C-4459-88FB-1BDBEFCE59CD}.Release|Win32.ActiveCfg = Release|Win32
		{8148E616-482C-4459-88FB-1BDBEFCE59CD}.Release|Win32.Build.0 = Release|Win32
		{8148E616-482C-4459-88FB-1BDBEFCE59CD}.Release|x64.ActiveCfg = Release|Win32
		{3CCF411C-0EEF-4045-90EF-582B5EC2E906}.Debug|Any CPU.ActiveCfg = Debug|Win32
		{3CCF411C-0EEF-4045-90EF-582B5EC2E906}.Debug|Mixed Platforms.ActiveCfg = Debug|Win32
		{3CCF411C-0EEF-4045-90EF-582B5EC2E906}.Debug|Mixed Platforms.Build.0 = Debug|Win32
		{3CCF411C-0EEF-4045-90EF-582B5EC2E906}.Debug|Win32.ActiveCfg = Debug|Win32
		{3CCF411C-0EEF-4045-90EF-582B5EC2E906}.Debug|Win32.Build.0 = Debug|Win32
		{3CCF411C-0EEF-4045-90EF-582B5EC2E906}.Debug|x64.ActiveCfg = Debug|Win32
		{3CCF411C-0EEF-4045-90EF-582B5EC2E906}.Release|Any CPU.ActiveCfg = Release|Win32
		{3CCF411C-0EEF-4045-90EF-582B5EC2E906}.Release|Mixed Platforms.ActiveCfg = Release|Win32
		{3CCF411C-0EEF-4045-90EF-582B5EC2E906}.Release|Mixed Platforms.Build.0 = Release|Win32
		{3CCF411C-0EEF-4045-90EF-582B5EC2E906}.Release|Win32.ActiveCfg = Release|Win32
		{3CCF411C-0EEF-4045-90EF-582B5EC2E906}.Release|Win32.Build.0 = Release|Win32
		{3CCF411C-0EEF-4045-90EF-582B5EC2E906}.Release|x64.ActiveCfg = Release|Win32
		{1BD98405-10AE-4993-A1B5-8693B2EF6942}.Debug|Any CPU.ActiveCfg = Debug|Win32
		{1BD98405-10AE-4993-A1B5-8693B2EF6942}.Debug|Mixed Platforms.ActiveCfg = Debug|Win32
		{1BD98405-10AE-4993-A1B5-8693B2EF6942}.Debug|Mixed Platforms.Build.0 = Debug|Win32
		{1BD98405-10AE-4993-A1B5-8693B2EF6942}.Debug|Win32.ActiveCfg = Debug|Win32
		{1BD98405-10AE-4993-A1B5-8693B2EF6942}.Debug|Win32.Build.0 = Debug|Win32
		{1BD98405-10AE-4993-A1B5-8693B2EF6942}.Debug|x64.ActiveCfg = Debug|Win32
		{1BD98405-10AE-4993-A1B5-8693B2EF6942}.Release|Any CPU.ActiveCfg = Release|Win32
		{1BD98405-10AE-4993-A1B5-8693B2EF6942}.Release|Mixed Platforms.ActiveCfg = Release|Win32
		{1BD98405-10AE-4993-A1B5-8693B2EF6942}.Release|Mixed Platforms.Build.0 = Release|Win32
		{1BD98405-10AE-4993-A1B5-8693B2EF6942}.Release|Win32.ActiveCfg = Release|Win32
		{1BD98405-10AE-4993-A1B5-8693B2EF6942}.Release|Win32.Build.0 = Release|Win32
		{1BD98405-10AE-4993-A1B5-8693B2EF6942}.Release|x64.ActiveCfg = Release|Win32
		{51CB164B-A30E-49B9-B0EE-666A686CF131}.Debug|Any CPU.ActiveCfg = Debug|Win32
		{51CB164B-A30E-49B9-B0EE-666A686CF131}.Debug|Mixed Platforms.ActiveCfg = Debug|Win32
		{51CB164B-A30E-49B9-B0EE-666A686CF131}.Debug|Mixed Platforms.Build.0 = Debug|Win32
		{51CB164B-A30E-49B9-B0EE-666A686CF131}.Debug|Win32.ActiveCfg = Debug|Win32
		{51CB164B-A30E-49B9-B0EE-666A686CF131}.Debug|Win32.Build.0 = Debug|Win32
		{51CB164B-A30E-49B9-B0EE-666A686CF131}.Debug|x64.ActiveCfg = Debug|Win32
		{51CB164B-A30E-49B9-B0EE-666A686CF131}.Release|Any CPU.ActiveCfg = Release|Win32
		{51CB164B-A30E-49B9-B0EE-666A686CF131}.Release|Mixed Platforms.ActiveCfg = Release|Win32
		{51CB164B-A30E-49B9-B0EE-666A686CF131}.Release|Mixed Platforms.Build.0 = Release|Win32
		{51CB164B-A30E-49B9-B0EE-666A686CF131}.Release|Win32.ActiveCfg = Release|Win32
		{51CB164B-A30E-49B9-B0EE-666A686CF131}.Release|Win32.Build.0 = Release|Win32
		{51CB164B-A30E-49B9-B0EE-666A686CF131}.Release|x64.ActiveCfg = Release|Win32
		{98E3370B-E5BA-4EBA-A6C0-1296376FF8F8}.Debug|Any CPU.ActiveCfg = Debug|Win32
		{98E3370B-E5BA-4EBA-A6C0-1296376FF8F8}.Debug|Mixed Platforms.ActiveCfg = Debug|Win32
		{98E3370B-E5BA-4EBA-A6C0-1296376FF8F8}.Debug|Mixed Platforms.Build.0 = Debug|Win32
		{98E3370B-E5BA-4EBA-A6C0-1296376FF8F8}.Debug|Win32.ActiveCfg = Debug|Win32
		{98E3370B-E5BA-4EBA-A6C0-1296376FF8F8}.Debug|Win32.Build.0 = Debug|Win32
		{98E3370B-E5BA-4EBA-A6C0-1296376FF8F8}.Debug|x64.ActiveCfg = Debug|Win32
		{98E3370B-E5BA-4EBA-A6C0-1296376FF8F8}.Release|Any CPU.ActiveCfg = Release|Win32
		{98E3370B-E5BA-4EBA-A6C0-1296376FF8F8}.Release|Mixed Platforms.ActiveCfg = Release|Win32
		{98E3370B-E5BA-4EBA-A6C0-1296376FF8F8}.Release|Mixed Platforms.Build.0 = Release|Win32
		{98E3370B-E5BA-4EBA-A6C0-1296376FF8F8}.Release|Win32.ActiveCfg = Release|Win32
		{98E3370B-E5BA-4EBA-A6C0-1296376FF8F8}.Release|Win32.Build.0 = Release|Win32
		{98E3370B-E5BA-4EBA-A6C0-1296376FF8F8}.Release|x64.ActiveCfg = Release|Win32
		{77785E02-4DC8-4489-97BA-DCB49DBA929C}.Debug|Any CPU.ActiveCfg = Debug|Win32
		{77785E02-4DC8-4489-97BA-DCB49DBA929C}.Debug|Mixed Platforms.ActiveCfg = Debug|Win32
		{77785E02-4DC8-4489-97BA-DCB49DBA929C}.Debug|Mixed Platforms.Build.0 = Debug|Win32
		{77785E02-4DC8-4489-97BA-DCB49DBA929C}.Debug|Win32.ActiveCfg = Debug|Win32
		{77785E02-4DC8-4489-97BA-DCB49DBA929C}.Debug|Win32.Build.0 = Debug|Win32
		{77785E02-4DC8-4489-97BA-DCB49DBA929C}.Debug|x64.ActiveCfg = Debug|Win32
		{77785E02-4DC8-4489-97BA-DCB49DBA929C}.Release|Any CPU.ActiveCfg = Release|Win32
		{77785E02-4DC8-4489-97BA-DCB49DBA929C}.Release|Mixed Platforms.ActiveCfg = Release|Win32
		{77785E02-4DC8-4489-97BA-DCB49DBA929C}.Release|Mixed Platforms.Build.0 = Release|Win32
		{77785E02-4DC8-4489-97BA-DCB49DBA929C}.Release|Win32.ActiveCfg = Release|Win32
		{77785E02-4DC8-4489-97BA-DCB49DBA929C}.Release|Win32.Build.0 = Release|Win32
		{77785E02-4DC8-4489-97BA-DCB49DBA929C}.Release|x64.ActiveCfg = Release|Win32
		{E1A63976-2A65-4D0F-BAF5-28449E348059}.Debug|Any CPU.ActiveCfg = Debug|Win32
		{E1A63976-2A65-4D0F-BAF5-28449E348059}.Debug|Mixed Platforms.ActiveCfg = Debug|Win32
		{E1A63976-2A65-4D0F-BAF5-28449E348059}.Debug|Mixed Platforms.Build.0 = Debug|Win32
		{E1A63976-2A65-4D0F-BAF5-28449E348059}.Debug|Win32.ActiveCfg = Debug|Win32
		{E1A63976-2A65-4D0F-BAF5-28449E348059}.Debug|Win32.Build.0 = Debug|Win32
		{E1A63976-2A65-4D0F-BAF5-28449E348059}.Debug|x64.ActiveCfg = Debug|Win32
		{E1A63976-2A65-4D0F-BAF5-28449E348059}.Release|Any CPU.ActiveCfg = Release|Win32
		{E1A63976-2A65-4D0F-BAF5-28449E348059}.Release|Mixed Platforms.ActiveCfg = Release|Win32
		{E1A63976-2A65-4D0F-BAF5-28449E348059}.Release|Mixed Platforms.Build.0 = Release|Win32
		{E1A63976-2A65-4D0F-BAF5-28449E348059}.Release|Win32.ActiveCfg = Release|Win32
		{E1A63976-2A65-4D0F-BAF5-28449E348059}.Release|Win32.Build.0 = Release|Win32
		{E1A63976-2A65-4D0F-BAF5-28449E348059}.Release|x64.ActiveCfg = Release|Win32
		{F588B792-B3B8-4529-9477-9CF392F93905}.Debug|Any CPU.ActiveCfg = Debug|Win32
		{F588B792-B3B8-4529-9477-9CF392F93905}.Debug|Mixed Platforms.ActiveCfg = Debug|Win32
		{F588B792-B3B8-4529-9477-9CF392F93905}.Debug|Mixed Platforms.Build.0 = Debug|Win32
		{F588B792-B3B8-4529-9477-9CF392F93905}.Debug|Win32.ActiveCfg = Debug|Win32
		{F588B792-B3B8-4529-9477-9CF392F93905}.Debug|Win32.Build.0 = Debug|Win32
		{F588B792-B3B8-4529-9477-9CF392F93905}.Debug|x64.ActiveCfg = Debug|Win32
		{F588B792-B3B8-4529-9477-9CF392F93905}.Release|Any CPU.ActiveCfg = Release|Win32
		{F588B792-B3B8-4529-9477-9CF392F93905}.Release|Mixed Platforms.ActiveCfg = Release|Win32
		{F588B792-B3B8-4529-9477-9CF392F93905}.Release|Mixed Platforms.Build.0 = Release|Win32
		{F588B792-B3B8-4529-9477-9CF392F93905}.Release|Win32.ActiveCfg = Release|Win32
		{F588B792-B3B8-4529-9477-9CF392F93905}.Release|Win32.Build.0 = Release|Win32
		{F588B792-B3B8-4529-9477-9CF392F93905}.Release|x64.ActiveCfg = Release|Win32
		{2F2C889B-1CCA-419E-B9EB-C2635E409013}.Debug|Any CPU.ActiveCfg = Debug|Win32
		{2F2C889B-1CCA-419E-B9EB-C2635E409013}.Debug|Mixed Platforms.ActiveCfg = Debug|Win32
		{2F2C889B-1CCA-419E-B9EB-C2635E409013}.Debug|Mixed Platforms.Build.0 = Debug|Win32
		{2F2C889B-1CCA-419E-B9EB-C2635E409013}.Debug|Win32.ActiveCfg = Debug|Win32
		{2F2C889B-1CCA-419E-B9EB-C2635E409013}.Debug|Win32.Build.0 = Debug|Win32
		{2F2C889B-1CCA-419E-B9EB-C2635E409013}.Debug|x64.ActiveCfg = Debug|Win32
		{2F2C889B-1CCA-419E-B9EB-C2635E409013}.Release|Any CPU.ActiveCfg = Release|Win32
		{2F2C889B-1CCA-419E-B9EB-C2635E409013}.Release|Mixed Platforms.ActiveCfg = Release|Win32
		{2F2C889B-1CCA-419E-B9EB-C2635E409013}.Release|Mixed Platforms.Build.0 = Release|Win32
		{2F2C889B-1CCA-419E-B9EB-C2635E409013}.Release|Win32.ActiveCfg = Release|Win32
		{2F2C889B-1CCA-419E-B9EB-C2635E409013}.Release|Win32.Build.0 = Release|Win32
		{2F2C889B-1CCA-419E-B9EB-C2635E409013}.Release|x64.ActiveCfg = Release|Win32
		{75C7B41C-EA0A-4997-8D50-CD8A0B3BE4C6}.Debug|Any CPU.ActiveCfg = Debug|Win32
		{75C7B41C-EA0A-4997-8D50-CD8A0B3BE4C6}.Debug|Mixed Platforms.ActiveCfg = Debug|Win32
		{75C7B41C-EA0A-4997-8D50-CD8A0B3BE4C6}.Debug|Mixed Platforms.Build.0 = Debug|Win32
		{75C7B41C-EA0A-4997-8D50-CD8A0B3BE4C6}.Debug|Win32.ActiveCfg = Debug|Win32
		{75C7B41C-EA0A-4997-8D50-CD8A0B3BE4C6}.Debug|Win32.Build.0 = Debug|Win32
		{75C7B41C-EA0A-4997-8D50-CD8A0B3BE4C6}.Debug|x64.ActiveCfg = Debug|Win32
		{75C7B41C-EA0A-4997-8D50-CD8A0B3BE4C6}.Release|Any CPU.ActiveCfg = Release|Win32
		{75C7B41C-EA0A-4997-8D50-CD8A0B3BE4C6}.Release|Mixed Platforms.ActiveCfg = Release|Win32
		{75C7B41C-EA0A-4997-8D50-CD8A0B3BE4C6}.Release|Mixed Platforms.Build.0 = Release|Win32
		{75C7B41C-EA0A-4997-8D50-CD8A0B3BE4C6}.Release|Win32.ActiveCfg = Release|Win32
		{75C7B41C-EA0A-4997-8D50-CD8A0B3BE4C6}.Release|Win32.Build.0 = Release|Win32
		{75C7B41C-EA0A-4997-8D50-CD8A0B3BE4C6}.Release|x64.ActiveCfg = Release|Win32
		{E15B5643-109F-4ACF-BB7E-750D3A0E7601}.Debug|Any CPU.ActiveCfg = Debug|Win32
		{E15B5643-109F-4ACF-BB7E-750D3A0E7601}.Debug|Mixed Platforms.ActiveCfg = Debug|Win32
		{E15B5643-109F-4ACF-BB7E-750D3A0E7601}.Debug|Mixed Platforms.Build.0 = Debug|Win32
		{E15B5643-109F-4ACF-BB7E-750D3A0E7601}.Debug|Win32.ActiveCfg = Debug|Win32
		{E15B5643-109F-4ACF-BB7E-750D3A0E7601}.Debug|Win32.Build.0 = Debug|Win32
		{E15B5643-109F-4ACF-BB7E-750D3A0E7601}.Debug|x64.ActiveCfg = Debug|Win32
		{E15B5643-109F-4ACF-BB7E-750D3A0E7601}.Release|Any CPU.ActiveCfg = Release|Win32
		{E15B5643-109F-4ACF-BB7E-750D3A0E7601}.Release|Mixed Platforms.ActiveCfg = Release|Win32
		{E15B5643-109F-4ACF-BB7E-750D3A0E7601}.Release|Mixed Platforms.Build.0 = Release|Win32
		{E15B5643-109F-4ACF-BB7E-750D3A0E7601}.Release|Win32.ActiveCfg = Release|Win32
		{E15B5643-109F-4ACF-BB7E-750D3A0E7601}.Release|Win32.Build.0 = Release|Win32
		{E15B5643-109F-4ACF-BB7E-750D3A0E7601}.Release|x64.ActiveCfg = Release|Win32
		{1036CF0B-9066-422B-8946-AA2858E942E5}.Debug|Any CPU.ActiveCfg = Debug|Win32
		{1036CF0B-9066-422B-8946-AA2858E942E5}.Debug|Mixed Platforms.ActiveCfg = Debug|Win32
		{1036CF0B-9066-422B-8946-AA2858E942E5}.Debug|Mixed Platforms.Build.0 = Debug|Win32
		{1036CF0B-9066-422B-8946-AA2858E942E5}.Debug|Win32.ActiveCfg = Debug|Win32
		{1036CF0B-9066-422B-8946-AA2858E942E5}.Debug|Win32.Build.0 = Debug|Win32
		{1036CF0B-9066-422B-8946-AA2858E942E5}.Debug|x64.ActiveCfg = Debug|Win32
		{1036CF0B-9066-422B-8946-AA2858E942E5}.Release|Any CPU.ActiveCfg = Release|Win32
		{1036CF0B-9066-422B-8946-AA2858E942E5}.Release|Mixed Platforms.ActiveCfg = Release|Win32
		{1036CF0B-9066-422B-8946-AA2858E942E5}.Release|Mixed Platforms.Build.0 = Release|Win32
		{1036CF0B-9066-422B-8946-AA2858E942E5}.Release|Win32.ActiveCfg = Release|Win32
		{1036CF0B-9066-422B-8946-AA2858E942E5}.Release|Win32.Build.0 = Release|Win32
		{1036CF0B-9066-422B-8946-AA2858E942E5}.Release|x64.ActiveCfg = Release|Win32
		{B0B4A457-5E7D-41E9-8C1F-0AC5CB0559AE}.Debug|Any CPU.ActiveCfg = Debug|Win32
		{B0B4A457-5E7D-41E9-8C1F-0AC5CB0559AE}.Debug|Mixed Platforms.ActiveCfg = Debug|Win32
		{B0B4A457-5E7D-41E9-8C1F-0AC5CB0559AE}.Debug|Mixed Platforms.Build.0 = Debug|Win32
		{B0B4A457-5E7D-41E9-8C1F-0AC5CB0559AE}.Debug|Win32.ActiveCfg = Debug|Win32
		{B0B4A457-5E7D-41E9-8C1F-0AC5CB0559AE}.Debug|Win32.Build.0 = Debug|Win32
		{B0B4A457-5E7D-41E9-8C1F-0AC5CB0559AE}.Debug|x64.ActiveCfg = Debug|Win32
		{B0B4A457-5E7D-41E9-8C1F-0AC5CB0559AE}.Release|Any CPU.ActiveCfg = Release|Win32
		{B0B4A457-5E7D-41E9-8C1F-0AC5CB0559AE}.Release|Mixed Platforms.ActiveCfg = Release|Win32
		{B0B4A457-5E7D-41E9-8C1F-0AC5CB0559AE}.Release|Mixed Platforms.Build.0 = Release|Win32
		{B0B4A457-5E7D-41E9-8C1F-0AC5CB0559AE}.Release|Win32.ActiveCfg = Release|Win32
		{B0B4A457-5E7D-41E9-8C1F-0AC5CB0559AE}.Release|Win32.Build.0 = Release|Win32
		{B0B4A457-5E7D-41E9-8C1F-0AC5CB0559AE}.Release|x64.ActiveCfg = Release|Win32
		{B9575A41-AB25-4C9F-A975-ED8B05D5B943}.Debug|Any CPU.ActiveCfg = Debug|Win32
		{B9575A41-AB25-4C9F-A975-ED8B05D5B943}.Debug|Mixed Platforms.ActiveCfg = Debug|Win32
		{B9575A41-AB25-4C9F-A975-ED8B05D5B943}.Debug|Mixed Platforms.Build.0 = Debug|Win32
		{B9575A41-AB25-4C9F-A975-ED8B05D5B943}.Debug|Win32.ActiveCfg = Debug|Win32
		{B9575A41-AB25-4C9F-A975-ED8B05D5B943}.Debug|Win32.Build.0 = Debug|Win32
		{B9575A41-AB25-4C9F-A975-ED8B05D5B943}.Debug|x64.ActiveCfg = Debug|x64
		{B9575A41-AB25-4C9F-A975-ED8B05D5B943}.Debug|x64.Build.0 = Debug|x64
		{B9575A41-AB25-4C9F-A975-ED8B05D5B943}.Release|Any CPU.ActiveCfg = Release|Win32
		{B9575A41-AB25-4C9F-A975-ED8B05D5B943}.Release|Mixed Platforms.ActiveCfg = Release|Win32
		{B9575A41-AB25-4C9F-A975-ED8B05D5B943}.Release|Mixed Platforms.Build.0 = Release|Win32
		{B9575A41-AB25-4C9F-A975-ED8B05D5B943}.Release|Win32.ActiveCfg = Release|Win32
		{B9575A41-AB25-4C9F-A975-ED8B05D5B943}.Release|Win32.Build.0 = Release|Win32
		{B9575A41-AB25-4C9F-A975-ED8B05D5B943}.Release|x64.ActiveCfg = Release|x64
		{B9575A41-AB25-4C9F-A975-ED8B05D5B943}.Release|x64.Build.0 = Release|x64
		{5A4E6AFA-772C-452F-AC6A-C38402FFC273}.Debug|Any CPU.ActiveCfg = Debug|Win32
		{5A4E6AFA-772C-452F-AC6A-C38402FFC273}.Debug|Mixed Platforms.ActiveCfg = Debug|Win32
		{5A4E6AFA-772C-452F-AC6A-C38402FFC273}.Debug|Mixed Platforms.Build.0 = Debug|Win32
		{5A4E6AFA-772C-452F-AC6A-C38402FFC273}.Debug|Win32.ActiveCfg = Debug|Win32
		{5A4E6AFA-772C-452F-AC6A-C38402FFC273}.Debug|Win32.Build.0 = Debug|Win32
		{5A4E6AFA-772C-452F-AC6A-C38402FFC273}.Debug|x64.ActiveCfg = Debug|x64
		{5A4E6AFA-772C-452F-AC6A-C38402FFC273}.Debug|x64.Build.0 = Debug|x64
		{5A4E6AFA-772C-452F-AC6A-C38402FFC273}.Release|Any CPU.ActiveCfg = Release|Win32
		{5A4E6AFA-772C-452F-AC6A-C38402FFC273}.Release|Mixed Platforms.ActiveCfg = Release|Win32
		{5A4E6AFA-772C-452F-AC6A-C38402FFC273}.Release|Mixed Platforms.Build.0 = Release|Win32
		{5A4E6AFA-772C-452F-AC6A-C38402FFC273}.Release|Win32.ActiveCfg = Release|Win32
		{5A4E6AFA-772C-452F-AC6A-C38402FFC273}.Release|Win32.Build.0 = Release|Win32
		{5A4E6AFA-772C-452F-AC6A-C38402FFC273}.Release|x64.ActiveCfg = Release|x64
		{5A4E6AFA-772C-452F-AC6A-C38402FFC273}.Release|x64.Build.0 = Release|x64
		{D3C68725-6FA0-4227-9718-9C4707032275}.Debug|Any CPU.ActiveCfg = Debug|Win32
		{D3C68725-6FA0-4227-9718-9C4707032275}.Debug|Mixed Platforms.ActiveCfg = Debug|Win32
		{D3C68725-6FA0-4227-9718-9C4707032275}.Debug|Mixed Platforms.Build.0 = Debug|Win32
		{D3C68725-6FA0-4227-9718-9C4707032275}.Debug|Win32.ActiveCfg = Debug|Win32
		{D3C68725-6FA0-4227-9718-9C4707032275}.Debug|Win32.Build.0 = Debug|Win32
		{D3C68725-6FA0-4227-9718-9C4707032275}.Debug|x64.ActiveCfg = Debug|x64
		{D3C68725-6FA0-4227-9718-9C4707032275}.Debug|x64.Build.0 = Debug|x64
		{D3C68725-6FA0-4227-9718-9C4707032275}.Release|Any CPU.ActiveCfg = Release|Win32
		{D3C68725-6FA0-4227-9718-9C4707032275}.Release|Mixed Platforms.ActiveCfg = Release|Win32
		{D3C68725-6FA0-4227-9718-9C4707032275}.Release|Mixed Platforms.Build.0 = Release|Win32
		{D3C68725-6FA0-4227-9718-9C4707032275}.Release|Win32.ActiveCfg = Release|Win32
		{D3C68725-6FA0-4227-9718-9C4707032275}.Release|Win32.Build.0 = Release|Win32
		{D3C68725-6FA0-4227-9718-9C4707032275}.Release|x64.ActiveCfg = Release|x64
		{D3C68725-6FA0-4227-9718-9C4707032275}.Release|x64.Build.0 = Release|x64
		{EB31E590-76E3-4E3A-B389-597B94C18433}.Debug|Any CPU.ActiveCfg = Debug|Win32
		{EB31E590-76E3-4E3A-B389-597B94C18433}.Debug|Mixed Platforms.ActiveCfg = Debug|Win32
		{EB31E590-76E3-4E3A-B389-597B94C18433}.Debug|Mixed Platforms.Build.0 = Debug|Win32
		{EB31E590-76E3-4E3A-B389-597B94C18433}.Debug|Win32.ActiveCfg = Debug|Win32
		{EB31E590-76E3-4E3A-B389-597B94C18433}.Debug|Win32.Build.0 = Debug|Win32
		{EB31E590-76E3-4E3A-B389-597B94C18433}.Debug|x64.ActiveCfg = Debug|x64
		{EB31E590-76E3-4E3A-B389-597B94C18433}.Debug|x64.Build.0 = Debug|x64
		{EB31E590-76E3-4E3A-B389-597B94C18433}.Release|Any CPU.ActiveCfg = Release|Win32
		{EB31E590-76E3-4E3A-B389-597B94C18433}.Release|Mixed Platforms.ActiveCfg = Release|Win32
		{EB31E590-76E3-4E3A-B389-597B94C18433}.Release|Mixed Platforms.Build.0 = Release|Win32
		{EB31E590-76E3-4E3A-B389-597B94C18433}.Release|Win32.ActiveCfg = Release|Win32
		{EB31E590-76E3-4E3A-B389-597B94C18433}.Release|Win32.Build.0 = Release|Win32
		{EB31E590-76E3-4E3A-B389-597B94C18433}.Release|x64.ActiveCfg = Release|x64
		{EB31E590-76E3-4E3A-B389-597B94C18433}.Release|x64.Build.0 = Release|x64
		{2B205E7B-34D1-4FB2-B37A-A243B614A882}.Debug|Any CPU.ActiveCfg = Debug|Win32
		{2B205E7B-34D1-4FB2-B37A-A243B614A882}.Debug|Mixed Platforms.ActiveCfg = Debug|Win32
		{2B205E7B-34D1-4FB2-B37A-A243B614A882}.Debug|Mixed Platforms.Build.0 = Debug|Win32
		{2B205E7B-34D1-4FB2-B37A-A243B614A882}.Debug|Win32.ActiveCfg = Debug|Win32
		{2B205E7B-34D1-4FB2-B37A-A243B614A882}.Debug|Win32.Build.0 = Debug|Win32
		{2B205E7B-34D1-4FB2-B37A-A243B614A882}.Debug|x64.ActiveCfg = Debug|x64
		{2B205E7B-34D1-4FB2-B37A-A243B614A882}.Debug|x64.Build.0 = Debug|x64
		{2B205E7B-34D1-4FB2-B37A-A243B614A882}.Release|Any CPU.ActiveCfg = Release|Win32
		{2B205E7B-34D1-4FB2-B37A-A243B614A882}.Release|Mixed Platforms.ActiveCfg = Release|Win32
		{2B205E7B-34D1-4FB2-B37A-A243B614A882}.Release|Mixed Platforms.Build.0 = Release|Win32
		{2B205E7B-34D1-4FB2-B37A-A243B614A882}.Release|Win32.ActiveCfg = Release|Win32
		{2B205E7B-34D1-4FB2-B37A-A243B614A882}.Release|Win32.Build.0 = Release|Win32
		{2B205E7B-34D1-4FB2-B37A-A243B614A882}.Release|x64.ActiveCfg = Release|x64
		{2B205E7B-34D1-4FB2-B37A-A243B614A882}.Release|x64.Build.0 = Release|x64
		{C8D39DB4-398D-4B50-946F-5D2BC35904EC}.Debug|Any CPU.ActiveCfg = Debug|Win32
		{C8D39DB4-398D-4B50-946F-5D2BC35904EC}.Debug|Mixed Platforms.ActiveCfg = Debug|Win32
		{C8D39DB4-398D-4B50-946F-5D2BC35904EC}.Debug|Mixed Platforms.Build.0 = Debug|Win32
		{C8D39DB4-398D-4B50-946F-5D2BC35904EC}.Debug|Win32.ActiveCfg = Debug|Win32
		{C8D39DB4-398D-4B50-946F-5D2BC35904EC}.Debug|Win32.Build.0 = Debug|Win32
		{C8D39DB4-398D-4B50-946F-5D2BC35904EC}.Debug|x64.ActiveCfg = Debug|x64
		{C8D39DB4-398D-4B50-946F-5D2BC35904EC}.Debug|x64.Build.0 = Debug|x64
		{C8D39DB4-398D-4B50-946F-5D2BC35904EC}.Release|Any CPU.ActiveCfg = Release|Win32
		{C8D39DB4-398D-4B50-946F-5D2BC35904EC}.Release|Mixed Platforms.ActiveCfg = Release|Win32
		{C8D39DB4-398D-4B50-946F-5D2BC35904EC}.Release|Mixed Platforms.Build.0 = Release|Win32
		{C8D39DB4-398D-4B50-946F-5D2BC35904EC}.Release|Win32.ActiveCfg = Release|Win32
		{C8D39DB4-398D-4B50-946F-5D2BC35904EC}.Release|Win32.Build.0 = Release|Win32
		{C8D39DB4-398D-4B50-946F-5D2BC35904EC}.Release|x64.ActiveCfg = Release|x64
		{C8D39DB4-398D-4B50-946F-5D2BC35904EC}.Release|x64.Build.0 = Release|x64
		{A7D1804E-02CE-41B0-BCA4-059E66354A69}.Debug|Any CPU.ActiveCfg = Debug|Win32
		{A7D1804E-02CE-41B0-BCA4-059E66354A69}.Debug|Mixed Platforms.ActiveCfg = Debug|Win32
		{A7D1804E-02CE-41B0-BCA4-059E66354A69}.Debug|Mixed Platforms.Build.0 = Debug|Win32
		{A7D1804E-02CE-41B0-BCA4-059E66354A69}.Debug|Win32.ActiveCfg = Debug|Win32
		{A7D1804E-02CE-41B0-BCA4-059E66354A69}.Debug|Win32.Build.0 = Debug|Win32
		{A7D1804E-02CE-41B0-BCA4-059E66354A69}.Debug|x64.ActiveCfg = Debug|x64
		{A7D1804E-02CE-41B0-BCA4-059E66354A69}.Debug|x64.Build.0 = Debug|x64
		{A7D1804E-02CE-41B0-BCA4-059E66354A69}.Release|Any CPU.ActiveCfg = Release|Win32
		{A7D1804E-02CE-41B0-BCA4-059E66354A69}.Release|Mixed Platforms.ActiveCfg = Release|Win32
		{A7D1804E-02CE-41B0-BCA4-059E66354A69}.Release|Mixed Platforms.Build.0 = Release|Win32
		{A7D1804E-02CE-41B0-BCA4-059E66354A69}.Release|Win32.ActiveCfg = Release|Win32
		{A7D1804E-02CE-41B0-BCA4-059E66354A69}.Release|Win32.Build.0 = Release|Win32
		{A7D1804E-02CE-41B0-BCA4-059E66354A69}.Release|x64.ActiveCfg = Release|x64
		{A7D1804E-02CE-41B0-BCA4-059E66354A69}.Release|x64.Build.0 = Release|x64
		{D4A95D63-68E8-4799-BD3C-013040ED5D2A}.Debug|Any CPU.ActiveCfg = Debug|Win32
		{D4A95D63-68E8-4799-BD3C-013040ED5D2A}.Debug|Mixed Platforms.ActiveCfg = Debug|Win32
		{D4A95D63-68E8-4799-BD3C-013040ED5D2A}.Debug|Mixed Platforms.Build.0 = Debug|Win32
		{D4A95D63-68E8-4799-BD3C-013040ED5D2A}.Debug|Win32.ActiveCfg = Debug|Win32
		{D4A95D63-68E8-4799-BD3C-013040ED5D2A}.Debug|Win32.Build.0 = Debug|Win32
		{D4A95D63-68E8-4799-BD3C-013040ED5D2A}.Debug|x64.ActiveCfg = Debug|x64
		{D4A95D63-68E8-4799-BD3C-013040ED5D2A}.Debug|x64.Build.0 = Debug|x64
		{D4A95D63-68E8-4799-BD3C-013040ED5D2A}.Release|Any CPU.ActiveCfg = Release|Win32
		{D4A95D63-68E8-4799-BD3C-013040ED5D2A}.Release|Mixed Platforms.ActiveCfg = Release|Win32
		{D4A95D63-68E8-4799-BD3C-013040ED5D2A}.Release|Mixed Platforms.Build.0 = Release|Win32
		{D4A95D63-68E8-4799-BD3C-013040ED5D2A}.Release|Win32.ActiveCfg = Release|Win32
		{D4A95D63-68E8-4799-BD3C-013040ED5D2A}.Release|Win32.Build.0 = Release|Win32
		{D4A95D63-68E8-4799-BD3C-013040ED5D2A}.Release|x64.ActiveCfg = Release|x64
		{D4A95D63-68E8-4799-BD3C-013040ED5D2A}.Release|x64.Build.0 = Release|x64
	EndGlobalSection
	GlobalSection(SolutionProperties) = preSolution
		HideSolutionNode = FALSE
	EndGlobalSection
EndGlobal
